// !$*UTF8*$!
{
	archiveVersion = 1;
	classes = {
	};
	objectVersion = 54;
	objects = {

/* Begin PBXBuildFile section */
		6E584577D0AD326EAF825AA7 /* Pods_StavvyBird.framework in Frameworks */ = {isa = PBXBuildFile; fileRef = 547D8F6A64D1BD06473A18CD /* Pods_StavvyBird.framework */; };
		A903943420AD94F000376CC3 /* UserDefaults.swift in Sources */ = {isa = PBXBuildFile; fileRef = A903943320AD94F000376CC3 /* UserDefaults.swift */; };
		A92E72E2209D815B0015F647 /* GameStates.swift in Sources */ = {isa = PBXBuildFile; fileRef = A92E72E1209D815B0015F647 /* GameStates.swift */; };
		A94A97F721A287890087C018 /* ContinuousBackground.swift in Sources */ = {isa = PBXBuildFile; fileRef = A94A97F621A287890087C018 /* ContinuousBackground.swift */; };
		A950485A20BAE2170020ECD9 /* stavvy-pig.gif in Resources */ = {isa = PBXBuildFile; fileRef = A950485920BAE2170020ECD9 /* stavvy-pig.gif */; };
		A950486120BAE29C0020ECD9 /* stavvy-rat.gif in Resources */ = {isa = PBXBuildFile; fileRef = A950485C20BAE29C0020ECD9 /* stavvy-rat.gif */; };
		A950486320BAE29C0020ECD9 /* stavvy-gold.gif in Resources */ = {isa = PBXBuildFile; fileRef = A950485E20BAE29C0020ECD9 /* stavvy-gold.gif */; };
		A950486420BAE29C0020ECD9 /* eldy-bird.gif in Resources */ = {isa = PBXBuildFile; fileRef = A950485F20BAE29C0020ECD9 /* eldy-bird.gif */; };
		A950486520BAE29C0020ECD9 /* stavvy-raven.gif in Resources */ = {isa = PBXBuildFile; fileRef = A950486020BAE29C0020ECD9 /* stavvy-raven.gif */; };
		A9ACB91D2099A1F200966991 /* AppDelegate.swift in Sources */ = {isa = PBXBuildFile; fileRef = A9ACB91C2099A1F200966991 /* AppDelegate.swift */; };
		A9ACB9252099A1F200966991 /* GameViewController.swift in Sources */ = {isa = PBXBuildFile; fileRef = A9ACB9242099A1F200966991 /* GameViewController.swift */; };
		A9ACB9282099A1F200966991 /* Main.storyboard in Resources */ = {isa = PBXBuildFile; fileRef = A9ACB9262099A1F200966991 /* Main.storyboard */; };
		A9ACB92D2099A1F300966991 /* LaunchScreen.storyboard in Resources */ = {isa = PBXBuildFile; fileRef = A9ACB92B2099A1F300966991 /* LaunchScreen.storyboard */; };
		A9ACB96B2099B42300966991 /* Actions.sks in Resources */ = {isa = PBXBuildFile; fileRef = A9ACB96A2099B42300966991 /* Actions.sks */; };
		A9ACB9872099E74600966991 /* PhysicsBirdNode.swift in Sources */ = {isa = PBXBuildFile; fileRef = A9ACB9862099E74600966991 /* PhysicsBirdNode.swift */; };
		A9ACB9972099F19E00966991 /* .gitignore in Resources */ = {isa = PBXBuildFile; fileRef = A9ACB9962099F19E00966991 /* .gitignore */; };
		A9ACB99F209A0F4D00966991 /* GameSceneAdapter.swift in Sources */ = {isa = PBXBuildFile; fileRef = A9ACB99E209A0F4D00966991 /* GameSceneAdapter.swift */; };
		A9B9C729209EE31C0045548D /* GameScenes.swift in Sources */ = {isa = PBXBuildFile; fileRef = A9B9C728209EE31C0045548D /* GameScenes.swift */; };
		A9D0897920B97CA800BE2896 /* ItemShopScene.swift in Sources */ = {isa = PBXBuildFile; fileRef = A9D0897820B97CA800BE2896 /* ItemShopScene.swift */; };
		A9D4CFE0209B4040006461AF /* ColumnFactory.swift in Sources */ = {isa = PBXBuildFile; fileRef = A9D4CFDF209B4040006461AF /* ColumnFactory.swift */; };
		A9EC756820A6E479007C42EC /* RoutingUtilityScene.swift in Sources */ = {isa = PBXBuildFile; fileRef = A9EC756720A6E479007C42EC /* RoutingUtilityScene.swift */; };
		CA0135632AEF659100EDB576 /* ButtonNodes.swift in Sources */ = {isa = PBXBuildFile; fileRef = CA0135622AEF659100EDB576 /* ButtonNodes.swift */; };
		CA1440C02AEF53260035B063 /* GamProtocols.swift in Sources */ = {isa = PBXBuildFile; fileRef = CA1440BF2AEF53260035B063 /* GamProtocols.swift */; };
		CA29A1922ACF755B00470B9F /* GameKit.framework in Frameworks */ = {isa = PBXBuildFile; fileRef = CA29A1912ACF755B00470B9F /* GameKit.framework */; };
		CA47A3C12ACB5E3100E8ED52 /* StoreKit.framework in Frameworks */ = {isa = PBXBuildFile; fileRef = CA47A3C02ACB5E3100E8ED52 /* StoreKit.framework */; };
		CA7047542AE9C33B0020A04A /* home-audio.wav in Resources */ = {isa = PBXBuildFile; fileRef = CA7047532AE9C33B0020A04A /* home-audio.wav */; };
		CAABA6322AEB1E8C00B9810E /* TheOriginalAnimatedNodes.swift in Sources */ = {isa = PBXBuildFile; fileRef = CAABA6312AEB1E8C00B9810E /* TheOriginalAnimatedNodes.swift */; };
		CAABA6872AEB25CF00B9810E /* TitleScene iPad.sks in Resources */ = {isa = PBXBuildFile; fileRef = CAABA67D2AEB25CF00B9810E /* TitleScene iPad.sks */; };
		CAABA6882AEB25CF00B9810E /* HomeScene.sks in Resources */ = {isa = PBXBuildFile; fileRef = CAABA67E2AEB25CF00B9810E /* HomeScene.sks */; };
		CAABA6892AEB25CF00B9810E /* PlayScene iPad.sks in Resources */ = {isa = PBXBuildFile; fileRef = CAABA67F2AEB25CF00B9810E /* PlayScene iPad.sks */; };
		CAABA68B2AEB25CF00B9810E /* ItemShopScene.sks in Resources */ = {isa = PBXBuildFile; fileRef = CAABA6812AEB25CF00B9810E /* ItemShopScene.sks */; };
		CAABA68C2AEB25CF00B9810E /* PlayScene.sks in Resources */ = {isa = PBXBuildFile; fileRef = CAABA6822AEB25CF00B9810E /* PlayScene.sks */; };
		CAABA68D2AEB25CF00B9810E /* AtmosphereScene.sks in Resources */ = {isa = PBXBuildFile; fileRef = CAABA6832AEB25CF00B9810E /* AtmosphereScene.sks */; };
		CAABA68E2AEB25CF00B9810E /* AtmosphereScene iPad.sks in Resources */ = {isa = PBXBuildFile; fileRef = CAABA6842AEB25CF00B9810E /* AtmosphereScene iPad.sks */; };
		CAABA68F2AEB25CF00B9810E /* ItemShopScene iPad.sks in Resources */ = {isa = PBXBuildFile; fileRef = CAABA6852AEB25CF00B9810E /* ItemShopScene iPad.sks */; };
		CAABA6902AEB25CF00B9810E /* ScoreScene iPad.sks in Resources */ = {isa = PBXBuildFile; fileRef = CAABA6862AEB25CF00B9810E /* ScoreScene iPad.sks */; };
		CAABA6962AEB25EC00B9810E /* ResumeScene iPad.sks in Resources */ = {isa = PBXBuildFile; fileRef = CAABA6922AEB25EC00B9810E /* ResumeScene iPad.sks */; };
		CAABA6972AEB25EC00B9810E /* GameOverScene.sks in Resources */ = {isa = PBXBuildFile; fileRef = CAABA6932AEB25EC00B9810E /* GameOverScene.sks */; };
		CAABA6982AEB25EC00B9810E /* ResumeScene.sks in Resources */ = {isa = PBXBuildFile; fileRef = CAABA6942AEB25EC00B9810E /* ResumeScene.sks */; };
		CAABA6992AEB25EC00B9810E /* GameOverScene iPad.sks in Resources */ = {isa = PBXBuildFile; fileRef = CAABA6952AEB25EC00B9810E /* GameOverScene iPad.sks */; };
		CAABA6CF2AEB2C7100B9810E /* Assets.xcassets in Resources */ = {isa = PBXBuildFile; fileRef = CAABA6CE2AEB2C7100B9810E /* Assets.xcassets */; };
		CAB3CDD52AEF59E000F7908F /* game-over-noise.wav in Resources */ = {isa = PBXBuildFile; fileRef = CAB3CDD42AEF59E000F7908F /* game-over-noise.wav */; };
		CAC5FBA32AE9B586006913FE /* points-noise.wav in Resources */ = {isa = PBXBuildFile; fileRef = CAC5FBA22AE9B586006913FE /* points-noise.wav */; };
		CAC5FBA52AE9B65B006913FE /* in-game-audio.wav in Resources */ = {isa = PBXBuildFile; fileRef = CAC5FBA42AE9B65B006913FE /* in-game-audio.wav */; };
/* End PBXBuildFile section */

/* Begin PBXFileReference section */
		547D8F6A64D1BD06473A18CD /* Pods_StavvyBird.framework */ = {isa = PBXFileReference; explicitFileType = wrapper.framework; includeInIndex = 0; path = Pods_StavvyBird.framework; sourceTree = BUILT_PRODUCTS_DIR; };
		5917CCDB90FC8251A6B93800 /* Pods-FlappyFlyBird.debug.xcconfig */ = {isa = PBXFileReference; includeInIndex = 1; lastKnownFileType = text.xcconfig; name = "Pods-FlappyFlyBird.debug.xcconfig"; path = "Target Support Files/Pods-FlappyFlyBird/Pods-FlappyFlyBird.debug.xcconfig"; sourceTree = "<group>"; };
		7CDAB81EF91D0B72FD584166 /* Pods-FlappyFlyBird.release.xcconfig */ = {isa = PBXFileReference; includeInIndex = 1; lastKnownFileType = text.xcconfig; name = "Pods-FlappyFlyBird.release.xcconfig"; path = "Target Support Files/Pods-FlappyFlyBird/Pods-FlappyFlyBird.release.xcconfig"; sourceTree = "<group>"; };
		8344C2F3ACC7992581C1D297 /* Pods-StavvyBird.debug.xcconfig */ = {isa = PBXFileReference; includeInIndex = 1; lastKnownFileType = text.xcconfig; name = "Pods-StavvyBird.debug.xcconfig"; path = "Target Support Files/Pods-StavvyBird/Pods-StavvyBird.debug.xcconfig"; sourceTree = "<group>"; };
		A903943320AD94F000376CC3 /* UserDefaults.swift */ = {isa = PBXFileReference; lastKnownFileType = sourcecode.swift; path = UserDefaults.swift; sourceTree = "<group>"; };
		A92E72E1209D815B0015F647 /* GameStates.swift */ = {isa = PBXFileReference; lastKnownFileType = sourcecode.swift; path = GameStates.swift; sourceTree = "<group>"; };
		A94A97F621A287890087C018 /* ContinuousBackground.swift */ = {isa = PBXFileReference; fileEncoding = 4; lastKnownFileType = sourcecode.swift; path = ContinuousBackground.swift; sourceTree = "<group>"; };
		A950485920BAE2170020ECD9 /* stavvy-pig.gif */ = {isa = PBXFileReference; lastKnownFileType = image.gif; path = "stavvy-pig.gif"; sourceTree = "<group>"; };
		A950485C20BAE29C0020ECD9 /* stavvy-rat.gif */ = {isa = PBXFileReference; lastKnownFileType = image.gif; path = "stavvy-rat.gif"; sourceTree = "<group>"; };
		A950485E20BAE29C0020ECD9 /* stavvy-gold.gif */ = {isa = PBXFileReference; lastKnownFileType = image.gif; path = "stavvy-gold.gif"; sourceTree = "<group>"; };
		A950485F20BAE29C0020ECD9 /* eldy-bird.gif */ = {isa = PBXFileReference; lastKnownFileType = image.gif; path = "eldy-bird.gif"; sourceTree = "<group>"; };
		A950486020BAE29C0020ECD9 /* stavvy-raven.gif */ = {isa = PBXFileReference; lastKnownFileType = image.gif; path = "stavvy-raven.gif"; sourceTree = "<group>"; };
		A9ACB9192099A1F200966991 /* StavvyBird.app */ = {isa = PBXFileReference; explicitFileType = wrapper.application; includeInIndex = 0; path = StavvyBird.app; sourceTree = BUILT_PRODUCTS_DIR; };
		A9ACB91C2099A1F200966991 /* AppDelegate.swift */ = {isa = PBXFileReference; lastKnownFileType = sourcecode.swift; path = AppDelegate.swift; sourceTree = "<group>"; };
		A9ACB9242099A1F200966991 /* GameViewController.swift */ = {isa = PBXFileReference; lastKnownFileType = sourcecode.swift; path = GameViewController.swift; sourceTree = "<group>"; };
		A9ACB9272099A1F200966991 /* Base */ = {isa = PBXFileReference; lastKnownFileType = file.storyboard; name = Base; path = Base.lproj/Main.storyboard; sourceTree = "<group>"; };
		A9ACB92C2099A1F300966991 /* Base */ = {isa = PBXFileReference; lastKnownFileType = file.storyboard; name = Base; path = Base.lproj/LaunchScreen.storyboard; sourceTree = "<group>"; };
		A9ACB92E2099A1F300966991 /* Info.plist */ = {isa = PBXFileReference; lastKnownFileType = text.plist.xml; path = Info.plist; sourceTree = "<group>"; };
		A9ACB96A2099B42300966991 /* Actions.sks */ = {isa = PBXFileReference; lastKnownFileType = file.sks; path = Actions.sks; sourceTree = "<group>"; };
		A9ACB9862099E74600966991 /* PhysicsBirdNode.swift */ = {isa = PBXFileReference; lastKnownFileType = sourcecode.swift; path = PhysicsBirdNode.swift; sourceTree = "<group>"; };
		A9ACB9962099F19E00966991 /* .gitignore */ = {isa = PBXFileReference; lastKnownFileType = text; path = .gitignore; sourceTree = "<group>"; };
		A9ACB99E209A0F4D00966991 /* GameSceneAdapter.swift */ = {isa = PBXFileReference; lastKnownFileType = sourcecode.swift; path = GameSceneAdapter.swift; sourceTree = "<group>"; };
		A9B9C728209EE31C0045548D /* GameScenes.swift */ = {isa = PBXFileReference; lastKnownFileType = sourcecode.swift; path = GameScenes.swift; sourceTree = "<group>"; };
		A9D0897820B97CA800BE2896 /* ItemShopScene.swift */ = {isa = PBXFileReference; lastKnownFileType = sourcecode.swift; path = ItemShopScene.swift; sourceTree = "<group>"; };
		A9D4CFDF209B4040006461AF /* ColumnFactory.swift */ = {isa = PBXFileReference; lastKnownFileType = sourcecode.swift; path = ColumnFactory.swift; sourceTree = "<group>"; };
		A9EC756720A6E479007C42EC /* RoutingUtilityScene.swift */ = {isa = PBXFileReference; lastKnownFileType = sourcecode.swift; path = RoutingUtilityScene.swift; sourceTree = "<group>"; };
		CA0135622AEF659100EDB576 /* ButtonNodes.swift */ = {isa = PBXFileReference; fileEncoding = 4; lastKnownFileType = sourcecode.swift; path = ButtonNodes.swift; sourceTree = "<group>"; };
		CA1440BF2AEF53260035B063 /* GamProtocols.swift */ = {isa = PBXFileReference; fileEncoding = 4; lastKnownFileType = sourcecode.swift; path = GamProtocols.swift; sourceTree = "<group>"; };
		CA29A1912ACF755B00470B9F /* GameKit.framework */ = {isa = PBXFileReference; lastKnownFileType = wrapper.framework; name = GameKit.framework; path = System/Library/Frameworks/GameKit.framework; sourceTree = SDKROOT; };
		CA47A3BF2ACB5DE400E8ED52 /* StavvyBird.entitlements */ = {isa = PBXFileReference; lastKnownFileType = text.plist.entitlements; path = StavvyBird.entitlements; sourceTree = "<group>"; };
		CA47A3C02ACB5E3100E8ED52 /* StoreKit.framework */ = {isa = PBXFileReference; lastKnownFileType = wrapper.framework; name = StoreKit.framework; path = System/Library/Frameworks/StoreKit.framework; sourceTree = SDKROOT; };
		CA7047532AE9C33B0020A04A /* home-audio.wav */ = {isa = PBXFileReference; lastKnownFileType = audio.wav; path = "home-audio.wav"; sourceTree = "<group>"; };
		CA94BB7D2AD8D7AE005AAF83 /* Stavvy Birds.storekit */ = {isa = PBXFileReference; lastKnownFileType = text; path = "Stavvy Birds.storekit"; sourceTree = "<group>"; };
		CAABA6312AEB1E8C00B9810E /* TheOriginalAnimatedNodes.swift */ = {isa = PBXFileReference; fileEncoding = 4; lastKnownFileType = sourcecode.swift; path = TheOriginalAnimatedNodes.swift; sourceTree = "<group>"; };
		CAABA67D2AEB25CF00B9810E /* TitleScene iPad.sks */ = {isa = PBXFileReference; lastKnownFileType = file.sks; path = "TitleScene iPad.sks"; sourceTree = "<group>"; };
		CAABA67E2AEB25CF00B9810E /* HomeScene.sks */ = {isa = PBXFileReference; lastKnownFileType = file.sks; path = HomeScene.sks; sourceTree = "<group>"; };
		CAABA67F2AEB25CF00B9810E /* PlayScene iPad.sks */ = {isa = PBXFileReference; lastKnownFileType = file.sks; path = "PlayScene iPad.sks"; sourceTree = "<group>"; };
		CAABA6812AEB25CF00B9810E /* ItemShopScene.sks */ = {isa = PBXFileReference; lastKnownFileType = file.sks; path = ItemShopScene.sks; sourceTree = "<group>"; };
		CAABA6822AEB25CF00B9810E /* PlayScene.sks */ = {isa = PBXFileReference; lastKnownFileType = file.sks; path = PlayScene.sks; sourceTree = "<group>"; };
		CAABA6832AEB25CF00B9810E /* AtmosphereScene.sks */ = {isa = PBXFileReference; lastKnownFileType = file.sks; path = AtmosphereScene.sks; sourceTree = "<group>"; };
		CAABA6842AEB25CF00B9810E /* AtmosphereScene iPad.sks */ = {isa = PBXFileReference; lastKnownFileType = file.sks; path = "AtmosphereScene iPad.sks"; sourceTree = "<group>"; };
		CAABA6852AEB25CF00B9810E /* ItemShopScene iPad.sks */ = {isa = PBXFileReference; lastKnownFileType = file.sks; path = "ItemShopScene iPad.sks"; sourceTree = "<group>"; };
		CAABA6862AEB25CF00B9810E /* ScoreScene iPad.sks */ = {isa = PBXFileReference; lastKnownFileType = file.sks; path = "ScoreScene iPad.sks"; sourceTree = "<group>"; };
		CAABA6922AEB25EC00B9810E /* ResumeScene iPad.sks */ = {isa = PBXFileReference; lastKnownFileType = file.sks; path = "ResumeScene iPad.sks"; sourceTree = "<group>"; };
		CAABA6932AEB25EC00B9810E /* GameOverScene.sks */ = {isa = PBXFileReference; lastKnownFileType = file.sks; path = GameOverScene.sks; sourceTree = "<group>"; };
		CAABA6942AEB25EC00B9810E /* ResumeScene.sks */ = {isa = PBXFileReference; lastKnownFileType = file.sks; path = ResumeScene.sks; sourceTree = "<group>"; };
		CAABA6952AEB25EC00B9810E /* GameOverScene iPad.sks */ = {isa = PBXFileReference; lastKnownFileType = file.sks; path = "GameOverScene iPad.sks"; sourceTree = "<group>"; };
		CAABA6CE2AEB2C7100B9810E /* Assets.xcassets */ = {isa = PBXFileReference; lastKnownFileType = folder.assetcatalog; path = Assets.xcassets; sourceTree = "<group>"; };
		CAB3CDD42AEF59E000F7908F /* game-over-noise.wav */ = {isa = PBXFileReference; lastKnownFileType = audio.wav; path = "game-over-noise.wav"; sourceTree = "<group>"; };
		CAC5FBA22AE9B586006913FE /* points-noise.wav */ = {isa = PBXFileReference; lastKnownFileType = audio.wav; path = "points-noise.wav"; sourceTree = "<group>"; };
		CAC5FBA42AE9B65B006913FE /* in-game-audio.wav */ = {isa = PBXFileReference; lastKnownFileType = audio.wav; path = "in-game-audio.wav"; sourceTree = "<group>"; };
		E96DC9F22650A686DDD7743B /* Pods-StavvyBird.release.xcconfig */ = {isa = PBXFileReference; includeInIndex = 1; lastKnownFileType = text.xcconfig; name = "Pods-StavvyBird.release.xcconfig"; path = "Target Support Files/Pods-StavvyBird/Pods-StavvyBird.release.xcconfig"; sourceTree = "<group>"; };
/* End PBXFileReference section */

/* Begin PBXFrameworksBuildPhase section */
		A9ACB9162099A1F200966991 /* Frameworks */ = {
			isa = PBXFrameworksBuildPhase;
			buildActionMask = 2147483647;
			files = (
				CA29A1922ACF755B00470B9F /* GameKit.framework in Frameworks */,
				6E584577D0AD326EAF825AA7 /* Pods_StavvyBird.framework in Frameworks */,
				CA47A3C12ACB5E3100E8ED52 /* StoreKit.framework in Frameworks */,
			);
			runOnlyForDeploymentPostprocessing = 0;
		};
/* End PBXFrameworksBuildPhase section */

/* Begin PBXGroup section */
		22A388442C95E63AA19544AF /* Frameworks */ = {
			isa = PBXGroup;
			children = (
				CA29A1912ACF755B00470B9F /* GameKit.framework */,
				CA47A3C02ACB5E3100E8ED52 /* StoreKit.framework */,
				547D8F6A64D1BD06473A18CD /* Pods_StavvyBird.framework */,
			);
			name = Frameworks;
			sourceTree = "<group>";
		};
		5F52EF4792F1B6FA9ECBB339 /* Pods */ = {
			isa = PBXGroup;
			children = (
				5917CCDB90FC8251A6B93800 /* Pods-FlappyFlyBird.debug.xcconfig */,
				7CDAB81EF91D0B72FD584166 /* Pods-FlappyFlyBird.release.xcconfig */,
				8344C2F3ACC7992581C1D297 /* Pods-StavvyBird.debug.xcconfig */,
				E96DC9F22650A686DDD7743B /* Pods-StavvyBird.release.xcconfig */,
			);
			path = Pods;
			sourceTree = "<group>";
		};
		A950485B20BAE2500020ECD9 /* Animated Players */ = {
			isa = PBXGroup;
			children = (
				A950485C20BAE29C0020ECD9 /* stavvy-rat.gif */,
				A950485F20BAE29C0020ECD9 /* eldy-bird.gif */,
				A950486020BAE29C0020ECD9 /* stavvy-raven.gif */,
				A950485E20BAE29C0020ECD9 /* stavvy-gold.gif */,
				A950485920BAE2170020ECD9 /* stavvy-pig.gif */,
			);
			path = "Animated Players";
			sourceTree = "<group>";
		};
		A9ACB9102099A1F200966991 = {
			isa = PBXGroup;
			children = (
				A9ACB9962099F19E00966991 /* .gitignore */,
				A9ACB91B2099A1F200966991 /* StavvyBird */,
				A9ACB91A2099A1F200966991 /* Products */,
				5F52EF4792F1B6FA9ECBB339 /* Pods */,
				22A388442C95E63AA19544AF /* Frameworks */,
			);
			sourceTree = "<group>";
		};
		A9ACB91A2099A1F200966991 /* Products */ = {
			isa = PBXGroup;
			children = (
				A9ACB9192099A1F200966991 /* StavvyBird.app */,
			);
			name = Products;
			sourceTree = "<group>";
		};
		A9ACB91B2099A1F200966991 /* StavvyBird */ = {
			isa = PBXGroup;
			children = (
				CA94BB7D2AD8D7AE005AAF83 /* Stavvy Birds.storekit */,
				CA47A3BF2ACB5DE400E8ED52 /* StavvyBird.entitlements */,
				A9ACB91C2099A1F200966991 /* AppDelegate.swift */,
				A9ACB92E2099A1F300966991 /* Info.plist */,
				A9ACB9932099F16800966991 /* Storyboards */,
				A9ACB9922099F15E00966991 /* ControllersAndAdapters */,
				A9D4CFDE209B402A006461AF /* ColumnsBackgroundsCharacters */,
				A9ACB99A209A0DD100966991 /* GameUtils */,
				A9ACB9902099F13700966991 /* Scenes */,
				A9ACB98F2099F12000966991 /* Assets */,
			);
			path = StavvyBird;
			sourceTree = "<group>";
		};
		A9ACB96C2099B46E00966991 /* Actions */ = {
			isa = PBXGroup;
			children = (
				A9ACB96A2099B42300966991 /* Actions.sks */,
			);
			path = Actions;
			sourceTree = "<group>";
		};
		A9ACB98F2099F12000966991 /* Assets */ = {
			isa = PBXGroup;
			children = (
				CAB3CDD32AEF595000F7908F /* GameAudio */,
				A950485B20BAE2500020ECD9 /* Animated Players */,
				A9ACB96C2099B46E00966991 /* Actions */,
				A9CC5C3E20A0361700040E61 /* Scenes */,
				CAABA6CE2AEB2C7100B9810E /* Assets.xcassets */,
			);
			path = Assets;
			sourceTree = "<group>";
		};
		A9ACB9902099F13700966991 /* Scenes */ = {
			isa = PBXGroup;
			children = (
				A9B9C728209EE31C0045548D /* GameScenes.swift */,
				A9D0897820B97CA800BE2896 /* ItemShopScene.swift */,
				A9EC756720A6E479007C42EC /* RoutingUtilityScene.swift */,
			);
			path = Scenes;
			sourceTree = "<group>";
		};
		A9ACB9922099F15E00966991 /* ControllersAndAdapters */ = {
			isa = PBXGroup;
			children = (
				A9ACB99E209A0F4D00966991 /* GameSceneAdapter.swift */,
				A9ACB9242099A1F200966991 /* GameViewController.swift */,
			);
			path = ControllersAndAdapters;
			sourceTree = "<group>";
		};
		A9ACB9932099F16800966991 /* Storyboards */ = {
			isa = PBXGroup;
			children = (
				A9ACB9262099A1F200966991 /* Main.storyboard */,
				A9ACB92B2099A1F300966991 /* LaunchScreen.storyboard */,
			);
			path = Storyboards;
			sourceTree = "<group>";
		};
		A9ACB99A209A0DD100966991 /* GameUtils */ = {
			isa = PBXGroup;
			children = (
				A92E72E1209D815B0015F647 /* GameStates.swift */,
				CA0135622AEF659100EDB576 /* ButtonNodes.swift */,
				CA1440BF2AEF53260035B063 /* GamProtocols.swift */,
				A903943320AD94F000376CC3 /* UserDefaults.swift */,
			);
			path = GameUtils;
			sourceTree = "<group>";
		};
		A9CC5C3E20A0361700040E61 /* Scenes */ = {
			isa = PBXGroup;
			children = (
				CAB3CDD12AEF588200F7908F /* Iphone */,
				CAABA6912AEB25D700B9810E /* Ipad-depricated */,
			);
			path = Scenes;
			sourceTree = "<group>";
		};
		A9D4CFDE209B402A006461AF /* ColumnsBackgroundsCharacters */ = {
			isa = PBXGroup;
			children = (
				A9ACB9862099E74600966991 /* PhysicsBirdNode.swift */,
				CAABA6312AEB1E8C00B9810E /* TheOriginalAnimatedNodes.swift */,
				A94A97F621A287890087C018 /* ContinuousBackground.swift */,
				A9D4CFDF209B4040006461AF /* ColumnFactory.swift */,
			);
			path = ColumnsBackgroundsCharacters;
			sourceTree = "<group>";
		};
		CAABA6912AEB25D700B9810E /* Ipad-depricated */ = {
			isa = PBXGroup;
			children = (
				CAABA6842AEB25CF00B9810E /* AtmosphereScene iPad.sks */,
				CAABA6852AEB25CF00B9810E /* ItemShopScene iPad.sks */,
				CAABA67F2AEB25CF00B9810E /* PlayScene iPad.sks */,
				CAABA6862AEB25CF00B9810E /* ScoreScene iPad.sks */,
				CAABA67D2AEB25CF00B9810E /* TitleScene iPad.sks */,
				CAABA6952AEB25EC00B9810E /* GameOverScene iPad.sks */,
				CAABA6922AEB25EC00B9810E /* ResumeScene iPad.sks */,
			);
			path = "Ipad-depricated";
			sourceTree = "<group>";
		};
		CAB3CDD12AEF588200F7908F /* Iphone */ = {
			isa = PBXGroup;
			children = (
				CAABA67E2AEB25CF00B9810E /* HomeScene.sks */,
				CAABA6822AEB25CF00B9810E /* PlayScene.sks */,
				CAABA6832AEB25CF00B9810E /* AtmosphereScene.sks */,
				CAABA6942AEB25EC00B9810E /* ResumeScene.sks */,
				CAABA6812AEB25CF00B9810E /* ItemShopScene.sks */,
				CAABA6932AEB25EC00B9810E /* GameOverScene.sks */,
			);
			path = Iphone;
			sourceTree = "<group>";
		};
		CAB3CDD32AEF595000F7908F /* GameAudio */ = {
			isa = PBXGroup;
			children = (
				CAB3CDD42AEF59E000F7908F /* game-over-noise.wav */,
				CA7047532AE9C33B0020A04A /* home-audio.wav */,
				CAC5FBA42AE9B65B006913FE /* in-game-audio.wav */,
				CAC5FBA22AE9B586006913FE /* points-noise.wav */,
			);
			path = GameAudio;
			sourceTree = "<group>";
		};
/* End PBXGroup section */

/* Begin PBXNativeTarget section */
		A9ACB9182099A1F200966991 /* StavvyBird */ = {
			isa = PBXNativeTarget;
			buildConfigurationList = A9ACB93C2099A1F300966991 /* Build configuration list for PBXNativeTarget "StavvyBird" */;
			buildPhases = (
				F4B9E3B6CE434BBBB5EE463A /* [CP] Check Pods Manifest.lock */,
				A9ACB9152099A1F200966991 /* Sources */,
				A9ACB9162099A1F200966991 /* Frameworks */,
				A9ACB9172099A1F200966991 /* Resources */,
				F5563153ADC80FB39379F103 /* [CP] Embed Pods Frameworks */,
			);
			buildRules = (
			);
			dependencies = (
			);
			name = StavvyBird;
			productName = "ios-spritekit-flappy-flying-bird";
			productReference = A9ACB9192099A1F200966991 /* StavvyBird.app */;
			productType = "com.apple.product-type.application";
		};
/* End PBXNativeTarget section */

/* Begin PBXProject section */
		A9ACB9112099A1F200966991 /* Project object */ = {
			isa = PBXProject;
			attributes = {
				KnownAssetTags = (
					mFont,
				);
				LastSwiftUpdateCheck = 0930;
				LastUpgradeCheck = 1200;
				ORGANIZATIONNAME = "Sounio Technologies LLC";
				TargetAttributes = {
					A9ACB9182099A1F200966991 = {
						CreatedOnToolsVersion = 9.3;
						LastSwiftMigration = 1020;
					};
				};
			};
			buildConfigurationList = A9ACB9142099A1F200966991 /* Build configuration list for PBXProject "StavvyBird" */;
			compatibilityVersion = "Xcode 12.0";
			developmentRegion = en;
			hasScannedForEncodings = 0;
			knownRegions = (
				en,
				Base,
			);
			mainGroup = A9ACB9102099A1F200966991;
			productRefGroup = A9ACB91A2099A1F200966991 /* Products */;
			projectDirPath = "";
			projectRoot = "";
			targets = (
				A9ACB9182099A1F200966991 /* StavvyBird */,
			);
		};
/* End PBXProject section */

/* Begin PBXResourcesBuildPhase section */
		A9ACB9172099A1F200966991 /* Resources */ = {
			isa = PBXResourcesBuildPhase;
			buildActionMask = 2147483647;
			files = (
				CAABA68C2AEB25CF00B9810E /* PlayScene.sks in Resources */,
				A9ACB96B2099B42300966991 /* Actions.sks in Resources */,
				A9ACB9282099A1F200966991 /* Main.storyboard in Resources */,
				A9ACB9972099F19E00966991 /* .gitignore in Resources */,
				CAABA6CF2AEB2C7100B9810E /* Assets.xcassets in Resources */,
				A950486520BAE29C0020ECD9 /* stavvy-raven.gif in Resources */,
				A950486420BAE29C0020ECD9 /* eldy-bird.gif in Resources */,
				CAABA6982AEB25EC00B9810E /* ResumeScene.sks in Resources */,
				CAC5FBA32AE9B586006913FE /* points-noise.wav in Resources */,
				CAABA6892AEB25CF00B9810E /* PlayScene iPad.sks in Resources */,
				CAABA6872AEB25CF00B9810E /* TitleScene iPad.sks in Resources */,
				CAC5FBA52AE9B65B006913FE /* in-game-audio.wav in Resources */,
				CAABA6902AEB25CF00B9810E /* ScoreScene iPad.sks in Resources */,
				CAABA6962AEB25EC00B9810E /* ResumeScene iPad.sks in Resources */,
				CA7047542AE9C33B0020A04A /* home-audio.wav in Resources */,
				CAABA68E2AEB25CF00B9810E /* AtmosphereScene iPad.sks in Resources */,
				CAABA6882AEB25CF00B9810E /* HomeScene.sks in Resources */,
				CAB3CDD52AEF59E000F7908F /* game-over-noise.wav in Resources */,
				CAABA68D2AEB25CF00B9810E /* AtmosphereScene.sks in Resources */,
				A9ACB92D2099A1F300966991 /* LaunchScreen.storyboard in Resources */,
				A950486120BAE29C0020ECD9 /* stavvy-rat.gif in Resources */,
				CAABA6992AEB25EC00B9810E /* GameOverScene iPad.sks in Resources */,
				CAABA68F2AEB25CF00B9810E /* ItemShopScene iPad.sks in Resources */,
				A950486320BAE29C0020ECD9 /* stavvy-gold.gif in Resources */,
				A950485A20BAE2170020ECD9 /* stavvy-pig.gif in Resources */,
				CAABA68B2AEB25CF00B9810E /* ItemShopScene.sks in Resources */,
				CAABA6972AEB25EC00B9810E /* GameOverScene.sks in Resources */,
			);
			runOnlyForDeploymentPostprocessing = 0;
		};
/* End PBXResourcesBuildPhase section */

/* Begin PBXShellScriptBuildPhase section */
		F4B9E3B6CE434BBBB5EE463A /* [CP] Check Pods Manifest.lock */ = {
			isa = PBXShellScriptBuildPhase;
			buildActionMask = 2147483647;
			files = (
			);
			inputFileListPaths = (
			);
			inputPaths = (
				"${PODS_PODFILE_DIR_PATH}/Podfile.lock",
				"${PODS_ROOT}/Manifest.lock",
			);
			name = "[CP] Check Pods Manifest.lock";
			outputFileListPaths = (
			);
			outputPaths = (
				"$(DERIVED_FILE_DIR)/Pods-StavvyBird-checkManifestLockResult.txt",
			);
			runOnlyForDeploymentPostprocessing = 0;
			shellPath = /bin/sh;
			shellScript = "diff \"${PODS_PODFILE_DIR_PATH}/Podfile.lock\" \"${PODS_ROOT}/Manifest.lock\" > /dev/null\nif [ $? != 0 ] ; then\n    # print error to STDERR\n    echo \"error: The sandbox is not in sync with the Podfile.lock. Run 'pod install' or update your CocoaPods installation.\" >&2\n    exit 1\nfi\n# This output is used by Xcode 'outputs' to avoid re-running this script phase.\necho \"SUCCESS\" > \"${SCRIPT_OUTPUT_FILE_0}\"\n";
			showEnvVarsInLog = 0;
		};
		F5563153ADC80FB39379F103 /* [CP] Embed Pods Frameworks */ = {
			isa = PBXShellScriptBuildPhase;
			buildActionMask = 2147483647;
			files = (
			);
			inputFileListPaths = (
				"${PODS_ROOT}/Target Support Files/Pods-StavvyBird/Pods-StavvyBird-frameworks-${CONFIGURATION}-input-files.xcfilelist",
			);
			name = "[CP] Embed Pods Frameworks";
			outputFileListPaths = (
				"${PODS_ROOT}/Target Support Files/Pods-StavvyBird/Pods-StavvyBird-frameworks-${CONFIGURATION}-output-files.xcfilelist",
			);
			runOnlyForDeploymentPostprocessing = 0;
			shellPath = /bin/sh;
			shellScript = "\"${PODS_ROOT}/Target Support Files/Pods-StavvyBird/Pods-StavvyBird-frameworks.sh\"\n";
			showEnvVarsInLog = 0;
		};
/* End PBXShellScriptBuildPhase section */

/* Begin PBXSourcesBuildPhase section */
		A9ACB9152099A1F200966991 /* Sources */ = {
			isa = PBXSourcesBuildPhase;
			buildActionMask = 2147483647;
			files = (
				A9EC756820A6E479007C42EC /* RoutingUtilityScene.swift in Sources */,
				CAABA6322AEB1E8C00B9810E /* TheOriginalAnimatedNodes.swift in Sources */,
				A9ACB9252099A1F200966991 /* GameViewController.swift in Sources */,
				A9ACB9872099E74600966991 /* PhysicsBirdNode.swift in Sources */,
				A94A97F721A287890087C018 /* ContinuousBackground.swift in Sources */,
				A9ACB99F209A0F4D00966991 /* GameSceneAdapter.swift in Sources */,
				A9ACB91D2099A1F200966991 /* AppDelegate.swift in Sources */,
				A92E72E2209D815B0015F647 /* GameStates.swift in Sources */,
				A903943420AD94F000376CC3 /* UserDefaults.swift in Sources */,
				CA0135632AEF659100EDB576 /* ButtonNodes.swift in Sources */,
				A9D4CFE0209B4040006461AF /* ColumnFactory.swift in Sources */,
				CA1440C02AEF53260035B063 /* GamProtocols.swift in Sources */,
				A9B9C729209EE31C0045548D /* GameScenes.swift in Sources */,
				A9D0897920B97CA800BE2896 /* ItemShopScene.swift in Sources */,
			);
			runOnlyForDeploymentPostprocessing = 0;
		};
/* End PBXSourcesBuildPhase section */

/* Begin PBXVariantGroup section */
		A9ACB9262099A1F200966991 /* Main.storyboard */ = {
			isa = PBXVariantGroup;
			children = (
				A9ACB9272099A1F200966991 /* Base */,
			);
			name = Main.storyboard;
			sourceTree = "<group>";
		};
		A9ACB92B2099A1F300966991 /* LaunchScreen.storyboard */ = {
			isa = PBXVariantGroup;
			children = (
				A9ACB92C2099A1F300966991 /* Base */,
			);
			name = LaunchScreen.storyboard;
			sourceTree = "<group>";
		};
/* End PBXVariantGroup section */

/* Begin XCBuildConfiguration section */
		A9ACB93A2099A1F300966991 /* Debug */ = {
			isa = XCBuildConfiguration;
			buildSettings = {
				ALWAYS_SEARCH_USER_PATHS = NO;
				CLANG_ANALYZER_NONNULL = YES;
				CLANG_ANALYZER_NUMBER_OBJECT_CONVERSION = YES_AGGRESSIVE;
				CLANG_CXX_LANGUAGE_STANDARD = "gnu++14";
				CLANG_CXX_LIBRARY = "libc++";
				CLANG_ENABLE_MODULES = YES;
				CLANG_ENABLE_OBJC_ARC = YES;
				CLANG_ENABLE_OBJC_WEAK = YES;
				CLANG_WARN_BLOCK_CAPTURE_AUTORELEASING = YES;
				CLANG_WARN_BOOL_CONVERSION = YES;
				CLANG_WARN_COMMA = YES;
				CLANG_WARN_CONSTANT_CONVERSION = YES;
				CLANG_WARN_DEPRECATED_OBJC_IMPLEMENTATIONS = YES;
				CLANG_WARN_DIRECT_OBJC_ISA_USAGE = YES_ERROR;
				CLANG_WARN_DOCUMENTATION_COMMENTS = YES;
				CLANG_WARN_EMPTY_BODY = YES;
				CLANG_WARN_ENUM_CONVERSION = YES;
				CLANG_WARN_INFINITE_RECURSION = YES;
				CLANG_WARN_INT_CONVERSION = YES;
				CLANG_WARN_NON_LITERAL_NULL_CONVERSION = YES;
				CLANG_WARN_OBJC_IMPLICIT_RETAIN_SELF = YES;
				CLANG_WARN_OBJC_LITERAL_CONVERSION = YES;
				CLANG_WARN_OBJC_ROOT_CLASS = YES_ERROR;
				CLANG_WARN_QUOTED_INCLUDE_IN_FRAMEWORK_HEADER = YES;
				CLANG_WARN_RANGE_LOOP_ANALYSIS = YES;
				CLANG_WARN_STRICT_PROTOTYPES = YES;
				CLANG_WARN_SUSPICIOUS_MOVE = YES;
				CLANG_WARN_UNGUARDED_AVAILABILITY = YES_AGGRESSIVE;
				CLANG_WARN_UNREACHABLE_CODE = YES;
				CLANG_WARN__DUPLICATE_METHOD_MATCH = YES;
				CODE_SIGN_IDENTITY = "iPhone Developer";
				COPY_PHASE_STRIP = NO;
				DEBUG_INFORMATION_FORMAT = dwarf;
				ENABLE_STRICT_OBJC_MSGSEND = YES;
				ENABLE_TESTABILITY = YES;
				GCC_C_LANGUAGE_STANDARD = gnu11;
				GCC_DYNAMIC_NO_PIC = NO;
				GCC_NO_COMMON_BLOCKS = YES;
				GCC_OPTIMIZATION_LEVEL = 0;
				GCC_PREPROCESSOR_DEFINITIONS = (
					"DEBUG=1",
					"$(inherited)",
				);
				GCC_WARN_64_TO_32_BIT_CONVERSION = YES;
				GCC_WARN_ABOUT_RETURN_TYPE = YES_ERROR;
				GCC_WARN_UNDECLARED_SELECTOR = YES;
				GCC_WARN_UNINITIALIZED_AUTOS = YES_AGGRESSIVE;
				GCC_WARN_UNUSED_FUNCTION = YES;
				GCC_WARN_UNUSED_VARIABLE = YES;
				IPHONEOS_DEPLOYMENT_TARGET = 15.0;
				MTL_ENABLE_DEBUG_INFO = YES;
				ONLY_ACTIVE_ARCH = YES;
				SDKROOT = iphoneos;
				SWIFT_ACTIVE_COMPILATION_CONDITIONS = DEBUG;
				SWIFT_OPTIMIZATION_LEVEL = "-Onone";
			};
			name = Debug;
		};
		A9ACB93B2099A1F300966991 /* Release */ = {
			isa = XCBuildConfiguration;
			buildSettings = {
				ALWAYS_SEARCH_USER_PATHS = NO;
				CLANG_ANALYZER_NONNULL = YES;
				CLANG_ANALYZER_NUMBER_OBJECT_CONVERSION = YES_AGGRESSIVE;
				CLANG_CXX_LANGUAGE_STANDARD = "gnu++14";
				CLANG_CXX_LIBRARY = "libc++";
				CLANG_ENABLE_MODULES = YES;
				CLANG_ENABLE_OBJC_ARC = YES;
				CLANG_ENABLE_OBJC_WEAK = YES;
				CLANG_WARN_BLOCK_CAPTURE_AUTORELEASING = YES;
				CLANG_WARN_BOOL_CONVERSION = YES;
				CLANG_WARN_COMMA = YES;
				CLANG_WARN_CONSTANT_CONVERSION = YES;
				CLANG_WARN_DEPRECATED_OBJC_IMPLEMENTATIONS = YES;
				CLANG_WARN_DIRECT_OBJC_ISA_USAGE = YES_ERROR;
				CLANG_WARN_DOCUMENTATION_COMMENTS = YES;
				CLANG_WARN_EMPTY_BODY = YES;
				CLANG_WARN_ENUM_CONVERSION = YES;
				CLANG_WARN_INFINITE_RECURSION = YES;
				CLANG_WARN_INT_CONVERSION = YES;
				CLANG_WARN_NON_LITERAL_NULL_CONVERSION = YES;
				CLANG_WARN_OBJC_IMPLICIT_RETAIN_SELF = YES;
				CLANG_WARN_OBJC_LITERAL_CONVERSION = YES;
				CLANG_WARN_OBJC_ROOT_CLASS = YES_ERROR;
				CLANG_WARN_QUOTED_INCLUDE_IN_FRAMEWORK_HEADER = YES;
				CLANG_WARN_RANGE_LOOP_ANALYSIS = YES;
				CLANG_WARN_STRICT_PROTOTYPES = YES;
				CLANG_WARN_SUSPICIOUS_MOVE = YES;
				CLANG_WARN_UNGUARDED_AVAILABILITY = YES_AGGRESSIVE;
				CLANG_WARN_UNREACHABLE_CODE = YES;
				CLANG_WARN__DUPLICATE_METHOD_MATCH = YES;
				CODE_SIGN_IDENTITY = "iPhone Developer";
				COPY_PHASE_STRIP = NO;
				DEBUG_INFORMATION_FORMAT = "dwarf-with-dsym";
				ENABLE_NS_ASSERTIONS = NO;
				ENABLE_STRICT_OBJC_MSGSEND = YES;
				GCC_C_LANGUAGE_STANDARD = gnu11;
				GCC_NO_COMMON_BLOCKS = YES;
				GCC_WARN_64_TO_32_BIT_CONVERSION = YES;
				GCC_WARN_ABOUT_RETURN_TYPE = YES_ERROR;
				GCC_WARN_UNDECLARED_SELECTOR = YES;
				GCC_WARN_UNINITIALIZED_AUTOS = YES_AGGRESSIVE;
				GCC_WARN_UNUSED_FUNCTION = YES;
				GCC_WARN_UNUSED_VARIABLE = YES;
				IPHONEOS_DEPLOYMENT_TARGET = 15.0;
				MTL_ENABLE_DEBUG_INFO = NO;
				SDKROOT = iphoneos;
				SWIFT_COMPILATION_MODE = wholemodule;
				SWIFT_OPTIMIZATION_LEVEL = "-O";
				VALIDATE_PRODUCT = YES;
			};
			name = Release;
		};
		A9ACB93D2099A1F300966991 /* Debug */ = {
			isa = XCBuildConfiguration;
			baseConfigurationReference = 8344C2F3ACC7992581C1D297 /* Pods-StavvyBird.debug.xcconfig */;
			buildSettings = {
				ASSETCATALOG_COMPILER_APPICON_NAME = AppIcon;
				ASSETCATALOG_COMPILER_INCLUDE_ALL_APPICON_ASSETS = NO;
				CODE_SIGN_ENTITLEMENTS = StavvyBird/StavvyBird.entitlements;
				CODE_SIGN_IDENTITY = "Apple Development";
				CODE_SIGN_STYLE = Automatic;
				DEVELOPMENT_TEAM = Z47KAS58JH;
				GCC_OPTIMIZATION_LEVEL = 2;
				INFOPLIST_FILE = "$(SRCROOT)/StavvyBird/Info.plist";
				INFOPLIST_KEY_LSApplicationCategoryType = "public.app-category.arcade-games";
				IPHONEOS_DEPLOYMENT_TARGET = 15.0;
				LD_RUNPATH_SEARCH_PATHS = (
					"$(inherited)",
					"@executable_path/Frameworks",
				);
				MARKETING_VERSION = 2.3;
				PRODUCT_BUNDLE_IDENTIFIER = sounio.io.stavvbird;
				PRODUCT_NAME = "$(TARGET_NAME)";
				PROVISIONING_PROFILE_SPECIFIER = "";
				SUPPORTED_PLATFORMS = "iphoneos iphonesimulator";
				SUPPORTS_MACCATALYST = NO;
				SWIFT_OPTIMIZATION_LEVEL = "-O";
				SWIFT_VERSION = 5.0;
				TARGETED_DEVICE_FAMILY = 1;
			};
			name = Debug;
		};
		A9ACB93E2099A1F300966991 /* Release */ = {
			isa = XCBuildConfiguration;
			baseConfigurationReference = E96DC9F22650A686DDD7743B /* Pods-StavvyBird.release.xcconfig */;
			buildSettings = {
				ASSETCATALOG_COMPILER_APPICON_NAME = AppIcon;
				ASSETCATALOG_COMPILER_INCLUDE_ALL_APPICON_ASSETS = NO;
				CODE_SIGN_ENTITLEMENTS = StavvyBird/StavvyBird.entitlements;
				CODE_SIGN_IDENTITY = "Apple Development";
				CODE_SIGN_STYLE = Automatic;
				DEVELOPMENT_TEAM = Z47KAS58JH;
				INFOPLIST_FILE = "$(SRCROOT)/StavvyBird/Info.plist";
				INFOPLIST_KEY_LSApplicationCategoryType = "public.app-category.arcade-games";
				IPHONEOS_DEPLOYMENT_TARGET = 15.0;
				LD_RUNPATH_SEARCH_PATHS = (
					"$(inherited)",
					"@executable_path/Frameworks",
				);
				MARKETING_VERSION = 2.3;
				PRODUCT_BUNDLE_IDENTIFIER = sounio.io.stavvbird;
				PRODUCT_NAME = "$(TARGET_NAME)";
				PROVISIONING_PROFILE_SPECIFIER = "";
				SUPPORTED_PLATFORMS = "iphoneos iphonesimulator";
				SUPPORTS_MACCATALYST = NO;
				SWIFT_VERSION = 5.0;
				TARGETED_DEVICE_FAMILY = 1;
			};
			name = Release;
		};
/* End XCBuildConfiguration section */

/* Begin XCConfigurationList section */
		A9ACB9142099A1F200966991 /* Build configuration list for PBXProject "StavvyBird" */ = {
			isa = XCConfigurationList;
			buildConfigurations = (
				A9ACB93A2099A1F300966991 /* Debug */,
				A9ACB93B2099A1F300966991 /* Release */,
			);
			defaultConfigurationIsVisible = 0;
			defaultConfigurationName = Release;
		};
		A9ACB93C2099A1F300966991 /* Build configuration list for PBXNativeTarget "StavvyBird" */ = {
			isa = XCConfigurationList;
			buildConfigurations = (
				A9ACB93D2099A1F300966991 /* Debug */,
				A9ACB93E2099A1F300966991 /* Release */,
			);
			defaultConfigurationIsVisible = 0;
			defaultConfigurationName = Release;
		};
/* End XCConfigurationList section */
	};
	rootObject = A9ACB9112099A1F200966991 /* Project object */;
}
