// !$*UTF8*$!
{
	archiveVersion = 1;
	classes = {
	};
	objectVersion = 54;
	objects = {

/* Begin PBXBuildFile section */
		6E584577D0AD326EAF825AA7 /* Pods_StavvyBird.framework in Frameworks */ = {isa = PBXBuildFile; fileRef = 547D8F6A64D1BD06473A18CD /* Pods_StavvyBird.framework */; };
		A903943420AD94F000376CC3 /* UserDefaults.swift in Sources */ = {isa = PBXBuildFile; fileRef = A903943320AD94F000376CC3 /* UserDefaults.swift */; };
		CA0135632AEF659100EDB576 /* ButtonNodes.swift in Sources */ = {isa = PBXBuildFile; fileRef = CA0135622AEF659100EDB576 /* ButtonNodes.swift */; };
		CA091DBE2AF45A0C00B093D8 /* AppDelegate.swift in Sources */ = {isa = PBXBuildFile; fileRef = CA091DBD2AF45A0C00B093D8 /* AppDelegate.swift */; };
		CA091DC32AF45AD900B093D8 /* Actions.sks in Resources */ = {isa = PBXBuildFile; fileRef = CA091DC22AF45AD900B093D8 /* Actions.sks */; };
		CA1440C02AEF53260035B063 /* GamProtocols.swift in Sources */ = {isa = PBXBuildFile; fileRef = CA1440BF2AEF53260035B063 /* GamProtocols.swift */; };
		CA29A1922ACF755B00470B9F /* GameKit.framework in Frameworks */ = {isa = PBXBuildFile; fileRef = CA29A1912ACF755B00470B9F /* GameKit.framework */; };
		CA47A3C12ACB5E3100E8ED52 /* StoreKit.framework in Frameworks */ = {isa = PBXBuildFile; fileRef = CA47A3C02ACB5E3100E8ED52 /* StoreKit.framework */; };
		CA7047542AE9C33B0020A04A /* home-audio.wav in Resources */ = {isa = PBXBuildFile; fileRef = CA7047532AE9C33B0020A04A /* home-audio.wav */; };
		CAA9D4222AF0B7E200DEA75E /* ConfigForScenes.swift in Sources */ = {isa = PBXBuildFile; fileRef = CAA9D4212AF0B7E200DEA75E /* ConfigForScenes.swift */; };
		CAA9D4242AF0B80000DEA75E /* MainUiGameView.swift in Sources */ = {isa = PBXBuildFile; fileRef = CAA9D4232AF0B80000DEA75E /* MainUiGameView.swift */; };
		CAA9D4282AF0B98200DEA75E /* StatesForGame.swift in Sources */ = {isa = PBXBuildFile; fileRef = CAA9D4272AF0B98200DEA75E /* StatesForGame.swift */; };
		CAABA6322AEB1E8C00B9810E /* TheOriginalAnimatedNodes.swift in Sources */ = {isa = PBXBuildFile; fileRef = CAABA6312AEB1E8C00B9810E /* TheOriginalAnimatedNodes.swift */; };
		CAAE1FA92AF4775600B1757C /* Assets.xcassets in Resources */ = {isa = PBXBuildFile; fileRef = CAAE1FA82AF4775600B1757C /* Assets.xcassets */; };
		CAAE1FBD2AF4780900B1757C /* PlayScene.sks in Resources */ = {isa = PBXBuildFile; fileRef = CAAE1FB72AF4780900B1757C /* PlayScene.sks */; };
		CAAE1FBE2AF4780900B1757C /* ResumeScene.sks in Resources */ = {isa = PBXBuildFile; fileRef = CAAE1FB82AF4780900B1757C /* ResumeScene.sks */; };
		CAAE1FBF2AF4780900B1757C /* ItemShopScene.sks in Resources */ = {isa = PBXBuildFile; fileRef = CAAE1FB92AF4780900B1757C /* ItemShopScene.sks */; };
		CAAE1FC02AF4780900B1757C /* AtmosphereScene.sks in Resources */ = {isa = PBXBuildFile; fileRef = CAAE1FBA2AF4780900B1757C /* AtmosphereScene.sks */; };
		CAAE1FC12AF4780900B1757C /* GameOverScene.sks in Resources */ = {isa = PBXBuildFile; fileRef = CAAE1FBB2AF4780900B1757C /* GameOverScene.sks */; };
		CAAE1FC22AF4780900B1757C /* HomeScene.sks in Resources */ = {isa = PBXBuildFile; fileRef = CAAE1FBC2AF4780900B1757C /* HomeScene.sks */; };
		CAAE1FC72AF4789B00B1757C /* GameScenes.swift in Sources */ = {isa = PBXBuildFile; fileRef = CAAE1FC42AF4789B00B1757C /* GameScenes.swift */; };
		CAAE1FC82AF4789B00B1757C /* ItemShopScene.swift in Sources */ = {isa = PBXBuildFile; fileRef = CAAE1FC52AF4789B00B1757C /* ItemShopScene.swift */; };
		CAAE1FC92AF4789B00B1757C /* RoutingUtilityScene.swift in Sources */ = {isa = PBXBuildFile; fileRef = CAAE1FC62AF4789B00B1757C /* RoutingUtilityScene.swift */; };
		CAAE1FCD2AF47A5500B1757C /* .gitignore in Resources */ = {isa = PBXBuildFile; fileRef = CAAE1FCC2AF47A5500B1757C /* .gitignore */; };
		CAAE1FDE2AF47C4300B1757C /* stavvy-rat.gif in Resources */ = {isa = PBXBuildFile; fileRef = CAAE1FD92AF47C4300B1757C /* stavvy-rat.gif */; };
		CAAE1FDF2AF47C4300B1757C /* stavvy-raven.gif in Resources */ = {isa = PBXBuildFile; fileRef = CAAE1FDA2AF47C4300B1757C /* stavvy-raven.gif */; };
		CAAE1FE02AF47C4300B1757C /* eldy-bird.gif in Resources */ = {isa = PBXBuildFile; fileRef = CAAE1FDB2AF47C4300B1757C /* eldy-bird.gif */; };
		CAAE1FE12AF47C4300B1757C /* stavvy-pig.gif in Resources */ = {isa = PBXBuildFile; fileRef = CAAE1FDC2AF47C4300B1757C /* stavvy-pig.gif */; };
		CAAE1FE22AF47C4300B1757C /* stavvy-gold.gif in Resources */ = {isa = PBXBuildFile; fileRef = CAAE1FDD2AF47C4300B1757C /* stavvy-gold.gif */; };
		CAAEAD542AF0C5C6000D9594 /* ContinuousBackground.swift in Sources */ = {isa = PBXBuildFile; fileRef = CAAEAD532AF0C5C6000D9594 /* ContinuousBackground.swift */; };
		CAB3CDD52AEF59E000F7908F /* game-over-noise.wav in Resources */ = {isa = PBXBuildFile; fileRef = CAB3CDD42AEF59E000F7908F /* game-over-noise.wav */; };
		CAC5FBA32AE9B586006913FE /* points-noise.wav in Resources */ = {isa = PBXBuildFile; fileRef = CAC5FBA22AE9B586006913FE /* points-noise.wav */; };
		CAC5FBA52AE9B65B006913FE /* in-game-audio.wav in Resources */ = {isa = PBXBuildFile; fileRef = CAC5FBA42AE9B65B006913FE /* in-game-audio.wav */; };
		CADA7FBD2AF31CB4003625E6 /* EldyBirdPhysics.swift in Sources */ = {isa = PBXBuildFile; fileRef = CADA7FBC2AF31CB3003625E6 /* EldyBirdPhysics.swift */; };
		CADBD9672AF0AE9D0093477F /* SplashBoard.storyboard in Resources */ = {isa = PBXBuildFile; fileRef = CADBD9652AF0AE9D0093477F /* SplashBoard.storyboard */; };
		CADBD96D2AF0B1190093477F /* GamePlay.storyboard in Resources */ = {isa = PBXBuildFile; fileRef = CADBD96B2AF0B1190093477F /* GamePlay.storyboard */; };
		CAF65C072AF0D0510057F824 /* PhysicsBirdNode.swift in Sources */ = {isa = PBXBuildFile; fileRef = CAF65C062AF0D0510057F824 /* PhysicsBirdNode.swift */; };
		CAF65C092AF0D0660057F824 /* TheColumnFactory.swift in Sources */ = {isa = PBXBuildFile; fileRef = CAF65C082AF0D0660057F824 /* TheColumnFactory.swift */; };
/* End PBXBuildFile section */

/* Begin PBXFileReference section */
		547D8F6A64D1BD06473A18CD /* Pods_StavvyBird.framework */ = {isa = PBXFileReference; explicitFileType = wrapper.framework; includeInIndex = 0; path = Pods_StavvyBird.framework; sourceTree = BUILT_PRODUCTS_DIR; };
		5917CCDB90FC8251A6B93800 /* Pods-FlappyFlyBird.debug.xcconfig */ = {isa = PBXFileReference; includeInIndex = 1; lastKnownFileType = text.xcconfig; name = "Pods-FlappyFlyBird.debug.xcconfig"; path = "Target Support Files/Pods-FlappyFlyBird/Pods-FlappyFlyBird.debug.xcconfig"; sourceTree = "<group>"; };
		7CDAB81EF91D0B72FD584166 /* Pods-FlappyFlyBird.release.xcconfig */ = {isa = PBXFileReference; includeInIndex = 1; lastKnownFileType = text.xcconfig; name = "Pods-FlappyFlyBird.release.xcconfig"; path = "Target Support Files/Pods-FlappyFlyBird/Pods-FlappyFlyBird.release.xcconfig"; sourceTree = "<group>"; };
		8344C2F3ACC7992581C1D297 /* Pods-StavvyBird.debug.xcconfig */ = {isa = PBXFileReference; includeInIndex = 1; lastKnownFileType = text.xcconfig; name = "Pods-StavvyBird.debug.xcconfig"; path = "Target Support Files/Pods-StavvyBird/Pods-StavvyBird.debug.xcconfig"; sourceTree = "<group>"; };
		A903943320AD94F000376CC3 /* UserDefaults.swift */ = {isa = PBXFileReference; lastKnownFileType = sourcecode.swift; path = UserDefaults.swift; sourceTree = "<group>"; };
		A9ACB9192099A1F200966991 /* StavvyBird.app */ = {isa = PBXFileReference; explicitFileType = wrapper.application; includeInIndex = 0; path = StavvyBird.app; sourceTree = BUILT_PRODUCTS_DIR; };
		CA0135622AEF659100EDB576 /* ButtonNodes.swift */ = {isa = PBXFileReference; fileEncoding = 4; lastKnownFileType = sourcecode.swift; path = ButtonNodes.swift; sourceTree = "<group>"; };
		CA091DB72AF457BD00B093D8 /* Info.plist */ = {isa = PBXFileReference; fileEncoding = 4; lastKnownFileType = text.plist.xml; path = Info.plist; sourceTree = "<group>"; };
		CA091DBD2AF45A0C00B093D8 /* AppDelegate.swift */ = {isa = PBXFileReference; fileEncoding = 4; lastKnownFileType = sourcecode.swift; path = AppDelegate.swift; sourceTree = "<group>"; };
		CA091DC22AF45AD900B093D8 /* Actions.sks */ = {isa = PBXFileReference; lastKnownFileType = file.sks; path = Actions.sks; sourceTree = "<group>"; };
		CA1440BF2AEF53260035B063 /* GamProtocols.swift */ = {isa = PBXFileReference; fileEncoding = 4; lastKnownFileType = sourcecode.swift; path = GamProtocols.swift; sourceTree = "<group>"; };
		CA29A1912ACF755B00470B9F /* GameKit.framework */ = {isa = PBXFileReference; lastKnownFileType = wrapper.framework; name = GameKit.framework; path = System/Library/Frameworks/GameKit.framework; sourceTree = SDKROOT; };
		CA47A3BF2ACB5DE400E8ED52 /* StavvyBird.entitlements */ = {isa = PBXFileReference; lastKnownFileType = text.plist.entitlements; path = StavvyBird.entitlements; sourceTree = "<group>"; };
		CA47A3C02ACB5E3100E8ED52 /* StoreKit.framework */ = {isa = PBXFileReference; lastKnownFileType = wrapper.framework; name = StoreKit.framework; path = System/Library/Frameworks/StoreKit.framework; sourceTree = SDKROOT; };
		CA7047532AE9C33B0020A04A /* home-audio.wav */ = {isa = PBXFileReference; lastKnownFileType = audio.wav; path = "home-audio.wav"; sourceTree = "<group>"; };
		CA94BB7D2AD8D7AE005AAF83 /* Stavvy Birds.storekit */ = {isa = PBXFileReference; lastKnownFileType = text; path = "Stavvy Birds.storekit"; sourceTree = "<group>"; };
		CAA9D4212AF0B7E200DEA75E /* ConfigForScenes.swift */ = {isa = PBXFileReference; fileEncoding = 4; lastKnownFileType = sourcecode.swift; path = ConfigForScenes.swift; sourceTree = "<group>"; };
		CAA9D4232AF0B80000DEA75E /* MainUiGameView.swift */ = {isa = PBXFileReference; fileEncoding = 4; lastKnownFileType = sourcecode.swift; path = MainUiGameView.swift; sourceTree = "<group>"; };
		CAA9D4272AF0B98200DEA75E /* StatesForGame.swift */ = {isa = PBXFileReference; fileEncoding = 4; lastKnownFileType = sourcecode.swift; path = StatesForGame.swift; sourceTree = "<group>"; };
		CAABA6312AEB1E8C00B9810E /* TheOriginalAnimatedNodes.swift */ = {isa = PBXFileReference; fileEncoding = 4; lastKnownFileType = sourcecode.swift; path = TheOriginalAnimatedNodes.swift; sourceTree = "<group>"; };
		CAAE1FA82AF4775600B1757C /* Assets.xcassets */ = {isa = PBXFileReference; lastKnownFileType = folder.assetcatalog; path = Assets.xcassets; sourceTree = "<group>"; };
		CAAE1FB72AF4780900B1757C /* PlayScene.sks */ = {isa = PBXFileReference; lastKnownFileType = file.sks; path = PlayScene.sks; sourceTree = "<group>"; };
		CAAE1FB82AF4780900B1757C /* ResumeScene.sks */ = {isa = PBXFileReference; lastKnownFileType = file.sks; path = ResumeScene.sks; sourceTree = "<group>"; };
		CAAE1FB92AF4780900B1757C /* ItemShopScene.sks */ = {isa = PBXFileReference; lastKnownFileType = file.sks; path = ItemShopScene.sks; sourceTree = "<group>"; };
		CAAE1FBA2AF4780900B1757C /* AtmosphereScene.sks */ = {isa = PBXFileReference; lastKnownFileType = file.sks; path = AtmosphereScene.sks; sourceTree = "<group>"; };
		CAAE1FBB2AF4780900B1757C /* GameOverScene.sks */ = {isa = PBXFileReference; lastKnownFileType = file.sks; path = GameOverScene.sks; sourceTree = "<group>"; };
		CAAE1FBC2AF4780900B1757C /* HomeScene.sks */ = {isa = PBXFileReference; lastKnownFileType = file.sks; path = HomeScene.sks; sourceTree = "<group>"; };
		CAAE1FC42AF4789B00B1757C /* GameScenes.swift */ = {isa = PBXFileReference; fileEncoding = 4; lastKnownFileType = sourcecode.swift; path = GameScenes.swift; sourceTree = "<group>"; };
		CAAE1FC52AF4789B00B1757C /* ItemShopScene.swift */ = {isa = PBXFileReference; fileEncoding = 4; lastKnownFileType = sourcecode.swift; path = ItemShopScene.swift; sourceTree = "<group>"; };
		CAAE1FC62AF4789B00B1757C /* RoutingUtilityScene.swift */ = {isa = PBXFileReference; fileEncoding = 4; lastKnownFileType = sourcecode.swift; path = RoutingUtilityScene.swift; sourceTree = "<group>"; };
		CAAE1FCC2AF47A5500B1757C /* .gitignore */ = {isa = PBXFileReference; fileEncoding = 4; lastKnownFileType = text; path = .gitignore; sourceTree = "<group>"; };
		CAAE1FD92AF47C4300B1757C /* stavvy-rat.gif */ = {isa = PBXFileReference; lastKnownFileType = image.gif; path = "stavvy-rat.gif"; sourceTree = "<group>"; };
		CAAE1FDA2AF47C4300B1757C /* stavvy-raven.gif */ = {isa = PBXFileReference; lastKnownFileType = image.gif; path = "stavvy-raven.gif"; sourceTree = "<group>"; };
		CAAE1FDB2AF47C4300B1757C /* eldy-bird.gif */ = {isa = PBXFileReference; lastKnownFileType = image.gif; path = "eldy-bird.gif"; sourceTree = "<group>"; };
		CAAE1FDC2AF47C4300B1757C /* stavvy-pig.gif */ = {isa = PBXFileReference; lastKnownFileType = image.gif; path = "stavvy-pig.gif"; sourceTree = "<group>"; };
		CAAE1FDD2AF47C4300B1757C /* stavvy-gold.gif */ = {isa = PBXFileReference; lastKnownFileType = image.gif; path = "stavvy-gold.gif"; sourceTree = "<group>"; };
		CAAEAD532AF0C5C6000D9594 /* ContinuousBackground.swift */ = {isa = PBXFileReference; fileEncoding = 4; lastKnownFileType = sourcecode.swift; path = ContinuousBackground.swift; sourceTree = "<group>"; };
		CAB3CDD42AEF59E000F7908F /* game-over-noise.wav */ = {isa = PBXFileReference; lastKnownFileType = audio.wav; path = "game-over-noise.wav"; sourceTree = "<group>"; };
		CAC5FBA22AE9B586006913FE /* points-noise.wav */ = {isa = PBXFileReference; lastKnownFileType = audio.wav; path = "points-noise.wav"; sourceTree = "<group>"; };
		CAC5FBA42AE9B65B006913FE /* in-game-audio.wav */ = {isa = PBXFileReference; lastKnownFileType = audio.wav; path = "in-game-audio.wav"; sourceTree = "<group>"; };
		CADA7FBC2AF31CB3003625E6 /* EldyBirdPhysics.swift */ = {isa = PBXFileReference; fileEncoding = 4; lastKnownFileType = sourcecode.swift; path = EldyBirdPhysics.swift; sourceTree = "<group>"; };
		CADBD9662AF0AE9D0093477F /* Base */ = {isa = PBXFileReference; lastKnownFileType = file.storyboard; name = Base; path = Base.lproj/SplashBoard.storyboard; sourceTree = "<group>"; };
		CADBD96C2AF0B1190093477F /* Base */ = {isa = PBXFileReference; lastKnownFileType = file.storyboard; name = Base; path = Base.lproj/GamePlay.storyboard; sourceTree = "<group>"; };
		CAF65C062AF0D0510057F824 /* PhysicsBirdNode.swift */ = {isa = PBXFileReference; fileEncoding = 4; lastKnownFileType = sourcecode.swift; path = PhysicsBirdNode.swift; sourceTree = "<group>"; };
		CAF65C082AF0D0660057F824 /* TheColumnFactory.swift */ = {isa = PBXFileReference; fileEncoding = 4; lastKnownFileType = sourcecode.swift; path = TheColumnFactory.swift; sourceTree = "<group>"; };
		E96DC9F22650A686DDD7743B /* Pods-StavvyBird.release.xcconfig */ = {isa = PBXFileReference; includeInIndex = 1; lastKnownFileType = text.xcconfig; name = "Pods-StavvyBird.release.xcconfig"; path = "Target Support Files/Pods-StavvyBird/Pods-StavvyBird.release.xcconfig"; sourceTree = "<group>"; };
/* End PBXFileReference section */

/* Begin PBXFrameworksBuildPhase section */
		A9ACB9162099A1F200966991 /* Frameworks */ = {
			isa = PBXFrameworksBuildPhase;
			buildActionMask = 2147483647;
			files = (
				CA29A1922ACF755B00470B9F /* GameKit.framework in Frameworks */,
				6E584577D0AD326EAF825AA7 /* Pods_StavvyBird.framework in Frameworks */,
				CA47A3C12ACB5E3100E8ED52 /* StoreKit.framework in Frameworks */,
			);
			runOnlyForDeploymentPostprocessing = 0;
		};
/* End PBXFrameworksBuildPhase section */

/* Begin PBXGroup section */
		22A388442C95E63AA19544AF /* Frameworks */ = {
			isa = PBXGroup;
			children = (
				CA29A1912ACF755B00470B9F /* GameKit.framework */,
				CA47A3C02ACB5E3100E8ED52 /* StoreKit.framework */,
				547D8F6A64D1BD06473A18CD /* Pods_StavvyBird.framework */,
			);
			name = Frameworks;
			sourceTree = "<group>";
		};
		5F52EF4792F1B6FA9ECBB339 /* Pods */ = {
			isa = PBXGroup;
			children = (
				5917CCDB90FC8251A6B93800 /* Pods-FlappyFlyBird.debug.xcconfig */,
				7CDAB81EF91D0B72FD584166 /* Pods-FlappyFlyBird.release.xcconfig */,
				8344C2F3ACC7992581C1D297 /* Pods-StavvyBird.debug.xcconfig */,
				E96DC9F22650A686DDD7743B /* Pods-StavvyBird.release.xcconfig */,
			);
			path = Pods;
			sourceTree = "<group>";
		};
		A9ACB9102099A1F200966991 = {
			isa = PBXGroup;
			children = (
				CAAE1FCC2AF47A5500B1757C /* .gitignore */,
				A9ACB91B2099A1F200966991 /* StavvyBird */,
				A9ACB91A2099A1F200966991 /* Products */,
				5F52EF4792F1B6FA9ECBB339 /* Pods */,
				22A388442C95E63AA19544AF /* Frameworks */,
			);
			sourceTree = "<group>";
		};
		A9ACB91A2099A1F200966991 /* Products */ = {
			isa = PBXGroup;
			children = (
				A9ACB9192099A1F200966991 /* StavvyBird.app */,
			);
			name = Products;
			sourceTree = "<group>";
		};
		A9ACB91B2099A1F200966991 /* StavvyBird */ = {
			isa = PBXGroup;
			children = (
				CAAE1FC32AF4786000B1757C /* GameSceneFunctionality */,
				CAAE1FAA2AF477C300B1757C /* GameSceneViews */,
				CAAE1FA72AF4771100B1757C /* GameAssets */,
				CA091DC12AF45A7B00B093D8 /* gameAnimations */,
				CA091DBD2AF45A0C00B093D8 /* AppDelegate.swift */,
				CA091DB72AF457BD00B093D8 /* Info.plist */,
				CADBD96E2AF0B1450093477F /* MainUIDeviceStoryboards */,
				CA94BB7D2AD8D7AE005AAF83 /* Stavvy Birds.storekit */,
				CA47A3BF2ACB5DE400E8ED52 /* StavvyBird.entitlements */,
				CAAEAD522AF0C596000D9594 /* ColsBackgroundPlayers */,
				CAA9D4252AF0B84300DEA75E /* ControllersAndAdapter */,
				CAA9D4262AF0B93F00DEA75E /* UtilsForGame */,
			);
			path = StavvyBird;
			sourceTree = "<group>";
		};
		CA091DC12AF45A7B00B093D8 /* gameAnimations */ = {
			isa = PBXGroup;
			children = (
				CA091DC22AF45AD900B093D8 /* Actions.sks */,
			);
			path = gameAnimations;
			sourceTree = "<group>";
		};
		CAA9D4252AF0B84300DEA75E /* ControllersAndAdapter */ = {
			isa = PBXGroup;
			children = (
				CAA9D4232AF0B80000DEA75E /* MainUiGameView.swift */,
				CAA9D4212AF0B7E200DEA75E /* ConfigForScenes.swift */,
			);
			path = ControllersAndAdapter;
			sourceTree = "<group>";
		};
		CAA9D4262AF0B93F00DEA75E /* UtilsForGame */ = {
			isa = PBXGroup;
			children = (
				CAA9D4272AF0B98200DEA75E /* StatesForGame.swift */,
				CA0135622AEF659100EDB576 /* ButtonNodes.swift */,
				CA1440BF2AEF53260035B063 /* GamProtocols.swift */,
				A903943320AD94F000376CC3 /* UserDefaults.swift */,
			);
			path = UtilsForGame;
			sourceTree = "<group>";
		};
		CAAE1FA72AF4771100B1757C /* GameAssets */ = {
			isa = PBXGroup;
			children = (
				CAAE1FD82AF47C2E00B1757C /* birdies */,
				CAB3CDD32AEF595000F7908F /* GameAudio */,
				CAAE1FA82AF4775600B1757C /* Assets.xcassets */,
			);
			path = GameAssets;
			sourceTree = "<group>";
		};
		CAAE1FAA2AF477C300B1757C /* GameSceneViews */ = {
			isa = PBXGroup;
			children = (
				CAAE1FBA2AF4780900B1757C /* AtmosphereScene.sks */,
				CAAE1FBB2AF4780900B1757C /* GameOverScene.sks */,
				CAAE1FBC2AF4780900B1757C /* HomeScene.sks */,
				CAAE1FB92AF4780900B1757C /* ItemShopScene.sks */,
				CAAE1FB72AF4780900B1757C /* PlayScene.sks */,
				CAAE1FB82AF4780900B1757C /* ResumeScene.sks */,
			);
			path = GameSceneViews;
			sourceTree = "<group>";
		};
		CAAE1FC32AF4786000B1757C /* GameSceneFunctionality */ = {
			isa = PBXGroup;
			children = (
				CAAE1FC42AF4789B00B1757C /* GameScenes.swift */,
				CAAE1FC52AF4789B00B1757C /* ItemShopScene.swift */,
				CAAE1FC62AF4789B00B1757C /* RoutingUtilityScene.swift */,
			);
			path = GameSceneFunctionality;
			sourceTree = "<group>";
		};
		CAAE1FD82AF47C2E00B1757C /* birdies */ = {
			isa = PBXGroup;
			children = (
				CAAE1FDB2AF47C4300B1757C /* eldy-bird.gif */,
				CAAE1FDD2AF47C4300B1757C /* stavvy-gold.gif */,
				CAAE1FDC2AF47C4300B1757C /* stavvy-pig.gif */,
				CAAE1FD92AF47C4300B1757C /* stavvy-rat.gif */,
				CAAE1FDA2AF47C4300B1757C /* stavvy-raven.gif */,
			);
			path = birdies;
			sourceTree = "<group>";
		};
		CAAEAD522AF0C596000D9594 /* ColsBackgroundPlayers */ = {
			isa = PBXGroup;
			children = (
				CADA7FBC2AF31CB3003625E6 /* EldyBirdPhysics.swift */,
				CAF65C082AF0D0660057F824 /* TheColumnFactory.swift */,
				CAF65C062AF0D0510057F824 /* PhysicsBirdNode.swift */,
				CAABA6312AEB1E8C00B9810E /* TheOriginalAnimatedNodes.swift */,
				CAAEAD532AF0C5C6000D9594 /* ContinuousBackground.swift */,
			);
			path = ColsBackgroundPlayers;
			sourceTree = "<group>";
		};
		CAB3CDD32AEF595000F7908F /* GameAudio */ = {
			isa = PBXGroup;
			children = (
				CAB3CDD42AEF59E000F7908F /* game-over-noise.wav */,
				CA7047532AE9C33B0020A04A /* home-audio.wav */,
				CAC5FBA42AE9B65B006913FE /* in-game-audio.wav */,
				CAC5FBA22AE9B586006913FE /* points-noise.wav */,
			);
			path = GameAudio;
			sourceTree = "<group>";
		};
		CADBD96E2AF0B1450093477F /* MainUIDeviceStoryboards */ = {
			isa = PBXGroup;
			children = (
				CADBD96B2AF0B1190093477F /* GamePlay.storyboard */,
				CADBD9652AF0AE9D0093477F /* SplashBoard.storyboard */,
			);
			path = MainUIDeviceStoryboards;
			sourceTree = "<group>";
		};
/* End PBXGroup section */

/* Begin PBXNativeTarget section */
		A9ACB9182099A1F200966991 /* StavvyBird */ = {
			isa = PBXNativeTarget;
			buildConfigurationList = A9ACB93C2099A1F300966991 /* Build configuration list for PBXNativeTarget "StavvyBird" */;
			buildPhases = (
				F4B9E3B6CE434BBBB5EE463A /* [CP] Check Pods Manifest.lock */,
				A9ACB9152099A1F200966991 /* Sources */,
				A9ACB9162099A1F200966991 /* Frameworks */,
				A9ACB9172099A1F200966991 /* Resources */,
				F5563153ADC80FB39379F103 /* [CP] Embed Pods Frameworks */,
			);
			buildRules = (
			);
			dependencies = (
			);
			name = StavvyBird;
			productName = "ios-spritekit-flappy-flying-bird";
			productReference = A9ACB9192099A1F200966991 /* StavvyBird.app */;
			productType = "com.apple.product-type.application";
		};
/* End PBXNativeTarget section */

/* Begin PBXProject section */
		A9ACB9112099A1F200966991 /* Project object */ = {
			isa = PBXProject;
			attributes = {
				KnownAssetTags = (
					mFont,
				);
				LastSwiftUpdateCheck = 0930;
				LastUpgradeCheck = 1200;
				ORGANIZATIONNAME = "Sounio Technologies LLC";
				TargetAttributes = {
					A9ACB9182099A1F200966991 = {
						CreatedOnToolsVersion = 9.3;
						LastSwiftMigration = 1020;
					};
				};
			};
			buildConfigurationList = A9ACB9142099A1F200966991 /* Build configuration list for PBXProject "StavvyBird" */;
			compatibilityVersion = "Xcode 12.0";
			developmentRegion = en;
			hasScannedForEncodings = 0;
			knownRegions = (
				en,
				Base,
			);
			mainGroup = A9ACB9102099A1F200966991;
			productRefGroup = A9ACB91A2099A1F200966991 /* Products */;
			projectDirPath = "";
			projectRoot = "";
			targets = (
				A9ACB9182099A1F200966991 /* StavvyBird */,
			);
		};
/* End PBXProject section */

/* Begin PBXResourcesBuildPhase section */
		A9ACB9172099A1F200966991 /* Resources */ = {
			isa = PBXResourcesBuildPhase;
			buildActionMask = 2147483647;
			files = (
				CAAE1FCD2AF47A5500B1757C /* .gitignore in Resources */,
				CAAE1FBD2AF4780900B1757C /* PlayScene.sks in Resources */,
				CAC5FBA32AE9B586006913FE /* points-noise.wav in Resources */,
				CAAE1FDE2AF47C4300B1757C /* stavvy-rat.gif in Resources */,
				CAC5FBA52AE9B65B006913FE /* in-game-audio.wav in Resources */,
				CAAE1FC02AF4780900B1757C /* AtmosphereScene.sks in Resources */,
				CA7047542AE9C33B0020A04A /* home-audio.wav in Resources */,
				CAAE1FE02AF47C4300B1757C /* eldy-bird.gif in Resources */,
				CAB3CDD52AEF59E000F7908F /* game-over-noise.wav in Resources */,
				CAAE1FC12AF4780900B1757C /* GameOverScene.sks in Resources */,
				CAAE1FC22AF4780900B1757C /* HomeScene.sks in Resources */,
				CADBD9672AF0AE9D0093477F /* SplashBoard.storyboard in Resources */,
				CAAE1FBF2AF4780900B1757C /* ItemShopScene.sks in Resources */,
				CAAE1FA92AF4775600B1757C /* Assets.xcassets in Resources */,
				CAAE1FE12AF47C4300B1757C /* stavvy-pig.gif in Resources */,
				CAAE1FBE2AF4780900B1757C /* ResumeScene.sks in Resources */,
				CADBD96D2AF0B1190093477F /* GamePlay.storyboard in Resources */,
				CA091DC32AF45AD900B093D8 /* Actions.sks in Resources */,
				CAAE1FDF2AF47C4300B1757C /* stavvy-raven.gif in Resources */,
				CAAE1FE22AF47C4300B1757C /* stavvy-gold.gif in Resources */,
			);
			runOnlyForDeploymentPostprocessing = 0;
		};
/* End PBXResourcesBuildPhase section */

/* Begin PBXShellScriptBuildPhase section */
		F4B9E3B6CE434BBBB5EE463A /* [CP] Check Pods Manifest.lock */ = {
			isa = PBXShellScriptBuildPhase;
			buildActionMask = 2147483647;
			files = (
			);
			inputFileListPaths = (
			);
			inputPaths = (
				"${PODS_PODFILE_DIR_PATH}/Podfile.lock",
				"${PODS_ROOT}/Manifest.lock",
			);
			name = "[CP] Check Pods Manifest.lock";
			outputFileListPaths = (
			);
			outputPaths = (
				"$(DERIVED_FILE_DIR)/Pods-StavvyBird-checkManifestLockResult.txt",
			);
			runOnlyForDeploymentPostprocessing = 0;
			shellPath = /bin/sh;
			shellScript = "diff \"${PODS_PODFILE_DIR_PATH}/Podfile.lock\" \"${PODS_ROOT}/Manifest.lock\" > /dev/null\nif [ $? != 0 ] ; then\n    # print error to STDERR\n    echo \"error: The sandbox is not in sync with the Podfile.lock. Run 'pod install' or update your CocoaPods installation.\" >&2\n    exit 1\nfi\n# This output is used by Xcode 'outputs' to avoid re-running this script phase.\necho \"SUCCESS\" > \"${SCRIPT_OUTPUT_FILE_0}\"\n";
			showEnvVarsInLog = 0;
		};
		F5563153ADC80FB39379F103 /* [CP] Embed Pods Frameworks */ = {
			isa = PBXShellScriptBuildPhase;
			buildActionMask = 2147483647;
			files = (
			);
			inputFileListPaths = (
				"${PODS_ROOT}/Target Support Files/Pods-StavvyBird/Pods-StavvyBird-frameworks-${CONFIGURATION}-input-files.xcfilelist",
			);
			name = "[CP] Embed Pods Frameworks";
			outputFileListPaths = (
				"${PODS_ROOT}/Target Support Files/Pods-StavvyBird/Pods-StavvyBird-frameworks-${CONFIGURATION}-output-files.xcfilelist",
			);
			runOnlyForDeploymentPostprocessing = 0;
			shellPath = /bin/sh;
			shellScript = "\"${PODS_ROOT}/Target Support Files/Pods-StavvyBird/Pods-StavvyBird-frameworks.sh\"\n";
			showEnvVarsInLog = 0;
		};
/* End PBXShellScriptBuildPhase section */

/* Begin PBXSourcesBuildPhase section */
		A9ACB9152099A1F200966991 /* Sources */ = {
			isa = PBXSourcesBuildPhase;
			buildActionMask = 2147483647;
			files = (
				CAABA6322AEB1E8C00B9810E /* TheOriginalAnimatedNodes.swift in Sources */,
				CAA9D4222AF0B7E200DEA75E /* ConfigForScenes.swift in Sources */,
				CA091DBE2AF45A0C00B093D8 /* AppDelegate.swift in Sources */,
				CAAE1FC82AF4789B00B1757C /* ItemShopScene.swift in Sources */,
				CADA7FBD2AF31CB4003625E6 /* EldyBirdPhysics.swift in Sources */,
				A903943420AD94F000376CC3 /* UserDefaults.swift in Sources */,
				CAA9D4282AF0B98200DEA75E /* StatesForGame.swift in Sources */,
				CA0135632AEF659100EDB576 /* ButtonNodes.swift in Sources */,
				CAF65C092AF0D0660057F824 /* TheColumnFactory.swift in Sources */,
				CA1440C02AEF53260035B063 /* GamProtocols.swift in Sources */,
				CAAE1FC72AF4789B00B1757C /* GameScenes.swift in Sources */,
				CAA9D4242AF0B80000DEA75E /* MainUiGameView.swift in Sources */,
				CAAEAD542AF0C5C6000D9594 /* ContinuousBackground.swift in Sources */,
				CAAE1FC92AF4789B00B1757C /* RoutingUtilityScene.swift in Sources */,
				CAF65C072AF0D0510057F824 /* PhysicsBirdNode.swift in Sources */,
			);
			runOnlyForDeploymentPostprocessing = 0;
		};
/* End PBXSourcesBuildPhase section */

/* Begin PBXVariantGroup section */
		CADBD9652AF0AE9D0093477F /* SplashBoard.storyboard */ = {
			isa = PBXVariantGroup;
			children = (
				CADBD9662AF0AE9D0093477F /* Base */,
			);
			name = SplashBoard.storyboard;
			sourceTree = "<group>";
		};
		CADBD96B2AF0B1190093477F /* GamePlay.storyboard */ = {
			isa = PBXVariantGroup;
			children = (
				CADBD96C2AF0B1190093477F /* Base */,
			);
			name = GamePlay.storyboard;
			sourceTree = "<group>";
		};
/* End PBXVariantGroup section */

/* Begin XCBuildConfiguration section */
		A9ACB93A2099A1F300966991 /* Debug */ = {
			isa = XCBuildConfiguration;
			buildSettings = {
				ALWAYS_SEARCH_USER_PATHS = NO;
				CLANG_ANALYZER_NONNULL = YES;
				CLANG_ANALYZER_NUMBER_OBJECT_CONVERSION = YES_AGGRESSIVE;
				CLANG_CXX_LANGUAGE_STANDARD = "gnu++14";
				CLANG_CXX_LIBRARY = "libc++";
				CLANG_ENABLE_MODULES = YES;
				CLANG_ENABLE_OBJC_ARC = YES;
				CLANG_ENABLE_OBJC_WEAK = YES;
				CLANG_WARN_BLOCK_CAPTURE_AUTORELEASING = YES;
				CLANG_WARN_BOOL_CONVERSION = YES;
				CLANG_WARN_COMMA = YES;
				CLANG_WARN_CONSTANT_CONVERSION = YES;
				CLANG_WARN_DEPRECATED_OBJC_IMPLEMENTATIONS = YES;
				CLANG_WARN_DIRECT_OBJC_ISA_USAGE = YES_ERROR;
				CLANG_WARN_DOCUMENTATION_COMMENTS = YES;
				CLANG_WARN_EMPTY_BODY = YES;
				CLANG_WARN_ENUM_CONVERSION = YES;
				CLANG_WARN_INFINITE_RECURSION = YES;
				CLANG_WARN_INT_CONVERSION = YES;
				CLANG_WARN_NON_LITERAL_NULL_CONVERSION = YES;
				CLANG_WARN_OBJC_IMPLICIT_RETAIN_SELF = YES;
				CLANG_WARN_OBJC_LITERAL_CONVERSION = YES;
				CLANG_WARN_OBJC_ROOT_CLASS = YES_ERROR;
				CLANG_WARN_QUOTED_INCLUDE_IN_FRAMEWORK_HEADER = YES;
				CLANG_WARN_RANGE_LOOP_ANALYSIS = YES;
				CLANG_WARN_STRICT_PROTOTYPES = YES;
				CLANG_WARN_SUSPICIOUS_MOVE = YES;
				CLANG_WARN_UNGUARDED_AVAILABILITY = YES_AGGRESSIVE;
				CLANG_WARN_UNREACHABLE_CODE = YES;
				CLANG_WARN__DUPLICATE_METHOD_MATCH = YES;
				CODE_SIGN_IDENTITY = "iPhone Developer";
				COPY_PHASE_STRIP = NO;
				DEBUG_INFORMATION_FORMAT = dwarf;
				ENABLE_STRICT_OBJC_MSGSEND = YES;
				ENABLE_TESTABILITY = YES;
				GCC_C_LANGUAGE_STANDARD = gnu11;
				GCC_DYNAMIC_NO_PIC = NO;
				GCC_NO_COMMON_BLOCKS = YES;
				GCC_OPTIMIZATION_LEVEL = 0;
				GCC_PREPROCESSOR_DEFINITIONS = (
					"DEBUG=1",
					"$(inherited)",
				);
				GCC_WARN_64_TO_32_BIT_CONVERSION = YES;
				GCC_WARN_ABOUT_RETURN_TYPE = YES_ERROR;
				GCC_WARN_UNDECLARED_SELECTOR = YES;
				GCC_WARN_UNINITIALIZED_AUTOS = YES_AGGRESSIVE;
				GCC_WARN_UNUSED_FUNCTION = YES;
				GCC_WARN_UNUSED_VARIABLE = YES;
				IPHONEOS_DEPLOYMENT_TARGET = 15.0;
				MTL_ENABLE_DEBUG_INFO = YES;
				ONLY_ACTIVE_ARCH = YES;
				SDKROOT = iphoneos;
				SWIFT_ACTIVE_COMPILATION_CONDITIONS = DEBUG;
				SWIFT_OPTIMIZATION_LEVEL = "-Onone";
			};
			name = Debug;
		};
		A9ACB93B2099A1F300966991 /* Release */ = {
			isa = XCBuildConfiguration;
			buildSettings = {
				ALWAYS_SEARCH_USER_PATHS = NO;
				CLANG_ANALYZER_NONNULL = YES;
				CLANG_ANALYZER_NUMBER_OBJECT_CONVERSION = YES_AGGRESSIVE;
				CLANG_CXX_LANGUAGE_STANDARD = "gnu++14";
				CLANG_CXX_LIBRARY = "libc++";
				CLANG_ENABLE_MODULES = YES;
				CLANG_ENABLE_OBJC_ARC = YES;
				CLANG_ENABLE_OBJC_WEAK = YES;
				CLANG_WARN_BLOCK_CAPTURE_AUTORELEASING = YES;
				CLANG_WARN_BOOL_CONVERSION = YES;
				CLANG_WARN_COMMA = YES;
				CLANG_WARN_CONSTANT_CONVERSION = YES;
				CLANG_WARN_DEPRECATED_OBJC_IMPLEMENTATIONS = YES;
				CLANG_WARN_DIRECT_OBJC_ISA_USAGE = YES_ERROR;
				CLANG_WARN_DOCUMENTATION_COMMENTS = YES;
				CLANG_WARN_EMPTY_BODY = YES;
				CLANG_WARN_ENUM_CONVERSION = YES;
				CLANG_WARN_INFINITE_RECURSION = YES;
				CLANG_WARN_INT_CONVERSION = YES;
				CLANG_WARN_NON_LITERAL_NULL_CONVERSION = YES;
				CLANG_WARN_OBJC_IMPLICIT_RETAIN_SELF = YES;
				CLANG_WARN_OBJC_LITERAL_CONVERSION = YES;
				CLANG_WARN_OBJC_ROOT_CLASS = YES_ERROR;
				CLANG_WARN_QUOTED_INCLUDE_IN_FRAMEWORK_HEADER = YES;
				CLANG_WARN_RANGE_LOOP_ANALYSIS = YES;
				CLANG_WARN_STRICT_PROTOTYPES = YES;
				CLANG_WARN_SUSPICIOUS_MOVE = YES;
				CLANG_WARN_UNGUARDED_AVAILABILITY = YES_AGGRESSIVE;
				CLANG_WARN_UNREACHABLE_CODE = YES;
				CLANG_WARN__DUPLICATE_METHOD_MATCH = YES;
				CODE_SIGN_IDENTITY = "iPhone Developer";
				COPY_PHASE_STRIP = NO;
				DEBUG_INFORMATION_FORMAT = "dwarf-with-dsym";
				ENABLE_NS_ASSERTIONS = NO;
				ENABLE_STRICT_OBJC_MSGSEND = YES;
				GCC_C_LANGUAGE_STANDARD = gnu11;
				GCC_NO_COMMON_BLOCKS = YES;
				GCC_WARN_64_TO_32_BIT_CONVERSION = YES;
				GCC_WARN_ABOUT_RETURN_TYPE = YES_ERROR;
				GCC_WARN_UNDECLARED_SELECTOR = YES;
				GCC_WARN_UNINITIALIZED_AUTOS = YES_AGGRESSIVE;
				GCC_WARN_UNUSED_FUNCTION = YES;
				GCC_WARN_UNUSED_VARIABLE = YES;
				IPHONEOS_DEPLOYMENT_TARGET = 15.0;
				MTL_ENABLE_DEBUG_INFO = NO;
				SDKROOT = iphoneos;
				SWIFT_COMPILATION_MODE = wholemodule;
				SWIFT_OPTIMIZATION_LEVEL = "-O";
				VALIDATE_PRODUCT = YES;
			};
			name = Release;
		};
		A9ACB93D2099A1F300966991 /* Debug */ = {
			isa = XCBuildConfiguration;
			baseConfigurationReference = 8344C2F3ACC7992581C1D297 /* Pods-StavvyBird.debug.xcconfig */;
			buildSettings = {
				ASSETCATALOG_COMPILER_APPICON_NAME = AppIcon;
				ASSETCATALOG_COMPILER_INCLUDE_ALL_APPICON_ASSETS = NO;
				CODE_SIGN_ENTITLEMENTS = StavvyBird/StavvyBird.entitlements;
				CODE_SIGN_IDENTITY = "Apple Development";
				CODE_SIGN_STYLE = Automatic;
				DEVELOPMENT_TEAM = Z47KAS58JH;
				GCC_OPTIMIZATION_LEVEL = 2;
				INFOPLIST_FILE = "$(SRCROOT)/StavvyBird/Info.plist";
				INFOPLIST_KEY_LSApplicationCategoryType = "public.app-category.arcade-games";
				IPHONEOS_DEPLOYMENT_TARGET = 15.0;
				LD_RUNPATH_SEARCH_PATHS = (
					"$(inherited)",
					"@executable_path/Frameworks",
				);
				MARKETING_VERSION = 2.6;
				PRODUCT_BUNDLE_IDENTIFIER = sounio.io.stavvbird;
				PRODUCT_NAME = "$(TARGET_NAME)";
				PROVISIONING_PROFILE_SPECIFIER = "";
				SUPPORTED_PLATFORMS = "iphoneos iphonesimulator";
				SUPPORTS_MACCATALYST = NO;
				SWIFT_OPTIMIZATION_LEVEL = "-O";
				SWIFT_VERSION = 5.0;
				TARGETED_DEVICE_FAMILY = 1;
			};
			name = Debug;
		};
		A9ACB93E2099A1F300966991 /* Release */ = {
			isa = XCBuildConfiguration;
			baseConfigurationReference = E96DC9F22650A686DDD7743B /* Pods-StavvyBird.release.xcconfig */;
			buildSettings = {
				ASSETCATALOG_COMPILER_APPICON_NAME = AppIcon;
				ASSETCATALOG_COMPILER_INCLUDE_ALL_APPICON_ASSETS = NO;
				CODE_SIGN_ENTITLEMENTS = StavvyBird/StavvyBird.entitlements;
				CODE_SIGN_IDENTITY = "Apple Development";
				CODE_SIGN_STYLE = Automatic;
				DEVELOPMENT_TEAM = Z47KAS58JH;
				INFOPLIST_FILE = "$(SRCROOT)/StavvyBird/Info.plist";
				INFOPLIST_KEY_LSApplicationCategoryType = "public.app-category.arcade-games";
				IPHONEOS_DEPLOYMENT_TARGET = 15.0;
				LD_RUNPATH_SEARCH_PATHS = (
					"$(inherited)",
					"@executable_path/Frameworks",
				);
				MARKETING_VERSION = 2.6;
				PRODUCT_BUNDLE_IDENTIFIER = sounio.io.stavvbird;
				PRODUCT_NAME = "$(TARGET_NAME)";
				PROVISIONING_PROFILE_SPECIFIER = "";
				SUPPORTED_PLATFORMS = "iphoneos iphonesimulator";
				SUPPORTS_MACCATALYST = NO;
				SWIFT_VERSION = 5.0;
				TARGETED_DEVICE_FAMILY = 1;
			};
			name = Release;
		};
/* End XCBuildConfiguration section */

/* Begin XCConfigurationList section */
		A9ACB9142099A1F200966991 /* Build configuration list for PBXProject "StavvyBird" */ = {
			isa = XCConfigurationList;
			buildConfigurations = (
				A9ACB93A2099A1F300966991 /* Debug */,
				A9ACB93B2099A1F300966991 /* Release */,
			);
			defaultConfigurationIsVisible = 0;
			defaultConfigurationName = Release;
		};
		A9ACB93C2099A1F300966991 /* Build configuration list for PBXNativeTarget "StavvyBird" */ = {
			isa = XCConfigurationList;
			buildConfigurations = (
				A9ACB93D2099A1F300966991 /* Debug */,
				A9ACB93E2099A1F300966991 /* Release */,
			);
			defaultConfigurationIsVisible = 0;
			defaultConfigurationName = Release;
		};
/* End XCConfigurationList section */
	};
	rootObject = A9ACB9112099A1F200966991 /* Project object */;
}
