// !$*UTF8*$!
{
	archiveVersion = 1;
	classes = {
	};
	objectVersion = 54;
	objects = {

/* Begin PBXBuildFile section */
		7CEB207AEAACAA10CF754727 /* Pods_StavvyBird.framework in Frameworks */ = {isa = PBXBuildFile; fileRef = F3422C1C0B44F15782FAC636 /* Pods_StavvyBird.framework */; };
		A903943620AD9D1200376CC3 /* SnowParticleEffect.sks in Resources */ = {isa = PBXBuildFile; fileRef = A903943520AD9D1200376CC3 /* SnowParticleEffect.sks */; };
		A903943B20AD9E7900376CC3 /* Particles.xcassets in Resources */ = {isa = PBXBuildFile; fileRef = A903943920AD9E7900376CC3 /* Particles.xcassets */; };
		A92E72E2209D815B0015F647 /* InGameState.swift in Sources */ = {isa = PBXBuildFile; fileRef = A92E72E1209D815B0015F647 /* InGameState.swift */; };
		A94A97F721A287890087C018 /* ContinuousBackground.swift in Sources */ = {isa = PBXBuildFile; fileRef = A94A97F621A287890087C018 /* ContinuousBackground.swift */; };
		A950485A20BAE2170020ECD9 /* stavvy-pig.gif in Resources */ = {isa = PBXBuildFile; fileRef = A950485920BAE2170020ECD9 /* stavvy-pig.gif */; };
		A950486120BAE29C0020ECD9 /* stavvy-rat.gif in Resources */ = {isa = PBXBuildFile; fileRef = A950485C20BAE29C0020ECD9 /* stavvy-rat.gif */; };
		A950486320BAE29C0020ECD9 /* stavvy-gold.gif in Resources */ = {isa = PBXBuildFile; fileRef = A950485E20BAE29C0020ECD9 /* stavvy-gold.gif */; };
		A950486420BAE29C0020ECD9 /* eldy-bird.gif in Resources */ = {isa = PBXBuildFile; fileRef = A950485F20BAE29C0020ECD9 /* eldy-bird.gif */; };
		A950486520BAE29C0020ECD9 /* stavvy-raven.gif in Resources */ = {isa = PBXBuildFile; fileRef = A950486020BAE29C0020ECD9 /* stavvy-raven.gif */; };
		A992D8B620A03B90003A9998 /* GameOverlay.swift in Sources */ = {isa = PBXBuildFile; fileRef = A992D8B520A03B90003A9998 /* GameOverlay.swift */; };
		A9ACB91D2099A1F200966991 /* AppDelegate.swift in Sources */ = {isa = PBXBuildFile; fileRef = A9ACB91C2099A1F200966991 /* AppDelegate.swift */; };
		A9ACB9232099A1F200966991 /* PlayScene.swift in Sources */ = {isa = PBXBuildFile; fileRef = A9ACB9222099A1F200966991 /* PlayScene.swift */; };
		A9ACB9252099A1F200966991 /* GameViewController.swift in Sources */ = {isa = PBXBuildFile; fileRef = A9ACB9242099A1F200966991 /* GameViewController.swift */; };
		A9ACB9282099A1F200966991 /* Main.storyboard in Resources */ = {isa = PBXBuildFile; fileRef = A9ACB9262099A1F200966991 /* Main.storyboard */; };
		A9ACB92D2099A1F300966991 /* LaunchScreen.storyboard in Resources */ = {isa = PBXBuildFile; fileRef = A9ACB92B2099A1F300966991 /* LaunchScreen.storyboard */; };
		A9ACB96B2099B42300966991 /* Actions.sks in Resources */ = {isa = PBXBuildFile; fileRef = A9ACB96A2099B42300966991 /* Actions.sks */; };
		A9ACB99F209A0F4D00966991 /* MyGameAdapter.swift in Sources */ = {isa = PBXBuildFile; fileRef = A9ACB99E209A0F4D00966991 /* MyGameAdapter.swift */; };
		A9B9C729209EE31C0045548D /* TitleScene.swift in Sources */ = {isa = PBXBuildFile; fileRef = A9B9C728209EE31C0045548D /* TitleScene.swift */; };
		A9CC5C3720A0216500040E61 /* ControlInputDirection.swift in Sources */ = {isa = PBXBuildFile; fileRef = A9CC5C3620A0216500040E61 /* ControlInputDirection.swift */; };
		A9D0897920B97CA800BE2896 /* ItemShopScene.swift in Sources */ = {isa = PBXBuildFile; fileRef = A9D0897820B97CA800BE2896 /* ItemShopScene.swift */; };
		A9D4CFDD209B3A50006461AF /* ColumnNode.swift in Sources */ = {isa = PBXBuildFile; fileRef = A9D4CFDC209B3A4F006461AF /* ColumnNode.swift */; };
		A9D4CFE0209B4040006461AF /* ColumnFactory.swift in Sources */ = {isa = PBXBuildFile; fileRef = A9D4CFDF209B4040006461AF /* ColumnFactory.swift */; };
		A9EC756420A6D3E9007C42EC /* AtmosphereScene.swift in Sources */ = {isa = PBXBuildFile; fileRef = A9EC756320A6D3E9007C42EC /* AtmosphereScene.swift */; };
		A9EC756820A6E479007C42EC /* CrossSceneUtility.swift in Sources */ = {isa = PBXBuildFile; fileRef = A9EC756720A6E479007C42EC /* CrossSceneUtility.swift */; };
		CA1A58102AEC1FFF00C984C1 /* points-noise1.wav in Resources */ = {isa = PBXBuildFile; fileRef = CA1A580F2AEC1FFF00C984C1 /* points-noise1.wav */; };
		CA1A581E2AEC3F5D00C984C1 /* Media.xcassets in Resources */ = {isa = PBXBuildFile; fileRef = CA1A581D2AEC3F5D00C984C1 /* Media.xcassets */; };
		CA1A58212AEC405F00C984C1 /* AtmosphereScene.sks in Resources */ = {isa = PBXBuildFile; fileRef = CA1A581F2AEC405F00C984C1 /* AtmosphereScene.sks */; };
		CA1A58222AEC405F00C984C1 /* AtmosphereScene iPad.sks in Resources */ = {isa = PBXBuildFile; fileRef = CA1A58202AEC405F00C984C1 /* AtmosphereScene iPad.sks */; };
		CA1A58252AEC40B600C984C1 /* AppSettings.sks in Resources */ = {isa = PBXBuildFile; fileRef = CA1A58232AEC40B600C984C1 /* AppSettings.sks */; };
		CA1A58262AEC40B600C984C1 /* AppSettings iPad.sks in Resources */ = {isa = PBXBuildFile; fileRef = CA1A58242AEC40B600C984C1 /* AppSettings iPad.sks */; };
		CA29A1922ACF755B00470B9F /* GameKit.framework in Frameworks */ = {isa = PBXBuildFile; fileRef = CA29A1912ACF755B00470B9F /* GameKit.framework */; };
		CA42D8B92AEC4B7200CE42B3 /* GamePhysics.swift in Sources */ = {isa = PBXBuildFile; fileRef = CA42D8B82AEC4B7200CE42B3 /* GamePhysics.swift */; };
		CA42D8BD2AEC4CC000CE42B3 /* UserDefaults.swift in Sources */ = {isa = PBXBuildFile; fileRef = CA42D8BC2AEC4CC000CE42B3 /* UserDefaults.swift */; };
		CA47A3C12ACB5E3100E8ED52 /* StoreKit.framework in Frameworks */ = {isa = PBXBuildFile; fileRef = CA47A3C02ACB5E3100E8ED52 /* StoreKit.framework */; };
		CA7047542AE9C33B0020A04A /* home-audio.wav in Resources */ = {isa = PBXBuildFile; fileRef = CA7047532AE9C33B0020A04A /* home-audio.wav */; };
		CAABA6872AEB25CF00B9810E /* TitleScene iPad.sks in Resources */ = {isa = PBXBuildFile; fileRef = CAABA67D2AEB25CF00B9810E /* TitleScene iPad.sks */; };
		CAABA6882AEB25CF00B9810E /* TitleScene.sks in Resources */ = {isa = PBXBuildFile; fileRef = CAABA67E2AEB25CF00B9810E /* TitleScene.sks */; };
		CAABA6892AEB25CF00B9810E /* PlayScene iPad.sks in Resources */ = {isa = PBXBuildFile; fileRef = CAABA67F2AEB25CF00B9810E /* PlayScene iPad.sks */; };
		CAABA68A2AEB25CF00B9810E /* ScoreScene.sks in Resources */ = {isa = PBXBuildFile; fileRef = CAABA6802AEB25CF00B9810E /* ScoreScene.sks */; };
		CAABA68B2AEB25CF00B9810E /* ItemShopScene.sks in Resources */ = {isa = PBXBuildFile; fileRef = CAABA6812AEB25CF00B9810E /* ItemShopScene.sks */; };
		CAABA68C2AEB25CF00B9810E /* PlayScene.sks in Resources */ = {isa = PBXBuildFile; fileRef = CAABA6822AEB25CF00B9810E /* PlayScene.sks */; };
		CAABA68F2AEB25CF00B9810E /* ItemShopScene iPad.sks in Resources */ = {isa = PBXBuildFile; fileRef = CAABA6852AEB25CF00B9810E /* ItemShopScene iPad.sks */; };
		CAABA6902AEB25CF00B9810E /* ScoreScene iPad.sks in Resources */ = {isa = PBXBuildFile; fileRef = CAABA6862AEB25CF00B9810E /* ScoreScene iPad.sks */; };
		CAABA6962AEB25EC00B9810E /* ResumeScene iPad.sks in Resources */ = {isa = PBXBuildFile; fileRef = CAABA6922AEB25EC00B9810E /* ResumeScene iPad.sks */; };
		CAABA6972AEB25EC00B9810E /* GameOverScene.sks in Resources */ = {isa = PBXBuildFile; fileRef = CAABA6932AEB25EC00B9810E /* GameOverScene.sks */; };
		CAABA6982AEB25EC00B9810E /* ResumeScene.sks in Resources */ = {isa = PBXBuildFile; fileRef = CAABA6942AEB25EC00B9810E /* ResumeScene.sks */; };
		CAABA6992AEB25EC00B9810E /* GameOverScene iPad.sks in Resources */ = {isa = PBXBuildFile; fileRef = CAABA6952AEB25EC00B9810E /* GameOverScene iPad.sks */; };
		CAC3F68E2AEB76E300CF1E6A /* BtnTrigger.swift in Sources */ = {isa = PBXBuildFile; fileRef = CAC3F68B2AEB76E300CF1E6A /* BtnTrigger.swift */; };
		CAC3F68F2AEB76E300CF1E6A /* ButtonAction.swift in Sources */ = {isa = PBXBuildFile; fileRef = CAC3F68C2AEB76E300CF1E6A /* ButtonAction.swift */; };
		CAC3F6902AEB76E300CF1E6A /* AppBtn.swift in Sources */ = {isa = PBXBuildFile; fileRef = CAC3F68D2AEB76E300CF1E6A /* AppBtn.swift */; };
		CAC3F6932AEB775D00CF1E6A /* BirdNode.swift in Sources */ = {isa = PBXBuildFile; fileRef = CAC3F6922AEB775D00CF1E6A /* BirdNode.swift */; };
		CAC3F6952AEB776600CF1E6A /* DefaultGifNodes.swift in Sources */ = {isa = PBXBuildFile; fileRef = CAC3F6942AEB776600CF1E6A /* DefaultGifNodes.swift */; };
		CAC5FBA12AE9B52D006913FE /* game-over-noise.wav in Resources */ = {isa = PBXBuildFile; fileRef = CAC5FBA02AE9B52D006913FE /* game-over-noise.wav */; };
		CAC5FBA52AE9B65B006913FE /* in-game-audio.wav in Resources */ = {isa = PBXBuildFile; fileRef = CAC5FBA42AE9B65B006913FE /* in-game-audio.wav */; };
		CADD36802AEC50F5000F4341 /* StateGameOver.swift in Sources */ = {isa = PBXBuildFile; fileRef = CADD367E2AEC50F5000F4341 /* StateGameOver.swift */; };
		CADD36812AEC50F5000F4341 /* GamePauseState.swift in Sources */ = {isa = PBXBuildFile; fileRef = CADD367F2AEC50F5000F4341 /* GamePauseState.swift */; };
		CADD36892AEC533A000F4341 /* MySpriteNodeGif.swift in Sources */ = {isa = PBXBuildFile; fileRef = CADD36882AEC533A000F4341 /* MySpriteNodeGif.swift */; };
		CADD36902AEC547A000F4341 /* gradientText.swift in Sources */ = {isa = PBXBuildFile; fileRef = CADD368A2AEC547A000F4341 /* gradientText.swift */; };
		CADD36912AEC547A000F4341 /* nodeEmitters.swift in Sources */ = {isa = PBXBuildFile; fileRef = CADD368B2AEC547A000F4341 /* nodeEmitters.swift */; };
		CADD36922AEC547A000F4341 /* currUploaders.swift in Sources */ = {isa = PBXBuildFile; fileRef = CADD368C2AEC547A000F4341 /* currUploaders.swift */; };
		CADD36932AEC547A000F4341 /* hellperAtText.swift in Sources */ = {isa = PBXBuildFile; fileRef = CADD368D2AEC547A000F4341 /* hellperAtText.swift */; };
		CADD36942AEC547A000F4341 /* transitionerShadings.swift in Sources */ = {isa = PBXBuildFile; fileRef = CADD368E2AEC547A000F4341 /* transitionerShadings.swift */; };
		CADD36952AEC547A000F4341 /* RateForPipeRanges.swift in Sources */ = {isa = PBXBuildFile; fileRef = CADD368F2AEC547A000F4341 /* RateForPipeRanges.swift */; };
		CADD36972AEC54B2000F4341 /* FloatMath.swift in Sources */ = {isa = PBXBuildFile; fileRef = CADD36962AEC54B2000F4341 /* FloatMath.swift */; };
		CADD369D2AEC55B0000F4341 /* PlaySceneProtol.swift in Sources */ = {isa = PBXBuildFile; fileRef = CADD36982AEC55B0000F4341 /* PlaySceneProtol.swift */; };
		CADD369E2AEC55B0000F4341 /* UpdatableProc.swift in Sources */ = {isa = PBXBuildFile; fileRef = CADD36992AEC55B0000F4341 /* UpdatableProc.swift */; };
		CADD369F2AEC55B0000F4341 /* PlayProc.swift in Sources */ = {isa = PBXBuildFile; fileRef = CADD369A2AEC55B0000F4341 /* PlayProc.swift */; };
		CADD36A02AEC55B0000F4341 /* PhysCollision.swift in Sources */ = {isa = PBXBuildFile; fileRef = CADD369B2AEC55B0000F4341 /* PhysCollision.swift */; };
		CADD36A12AEC55B0000F4341 /* CurrTouches.swift in Sources */ = {isa = PBXBuildFile; fileRef = CADD369C2AEC55B0000F4341 /* CurrTouches.swift */; };
/* End PBXBuildFile section */

/* Begin PBXFileReference section */
		27436BB7F7906BF807684381 /* Pods-StavvyBird.release.xcconfig */ = {isa = PBXFileReference; includeInIndex = 1; lastKnownFileType = text.xcconfig; name = "Pods-StavvyBird.release.xcconfig"; path = "Target Support Files/Pods-StavvyBird/Pods-StavvyBird.release.xcconfig"; sourceTree = "<group>"; };
		35F5FAE58799ED3B528A4F92 /* Pods-StavvyBird.debug.xcconfig */ = {isa = PBXFileReference; includeInIndex = 1; lastKnownFileType = text.xcconfig; name = "Pods-StavvyBird.debug.xcconfig"; path = "Target Support Files/Pods-StavvyBird/Pods-StavvyBird.debug.xcconfig"; sourceTree = "<group>"; };
		A903943520AD9D1200376CC3 /* SnowParticleEffect.sks */ = {isa = PBXFileReference; lastKnownFileType = file.sks; path = SnowParticleEffect.sks; sourceTree = "<group>"; };
		A903943920AD9E7900376CC3 /* Particles.xcassets */ = {isa = PBXFileReference; lastKnownFileType = folder.assetcatalog; path = Particles.xcassets; sourceTree = "<group>"; };
		A92E72E1209D815B0015F647 /* InGameState.swift */ = {isa = PBXFileReference; lastKnownFileType = sourcecode.swift; path = InGameState.swift; sourceTree = "<group>"; };
		A94A97F621A287890087C018 /* ContinuousBackground.swift */ = {isa = PBXFileReference; fileEncoding = 4; lastKnownFileType = sourcecode.swift; path = ContinuousBackground.swift; sourceTree = "<group>"; };
		A950485920BAE2170020ECD9 /* stavvy-pig.gif */ = {isa = PBXFileReference; lastKnownFileType = image.gif; path = "stavvy-pig.gif"; sourceTree = "<group>"; };
		A950485C20BAE29C0020ECD9 /* stavvy-rat.gif */ = {isa = PBXFileReference; lastKnownFileType = image.gif; path = "stavvy-rat.gif"; sourceTree = "<group>"; };
		A950485E20BAE29C0020ECD9 /* stavvy-gold.gif */ = {isa = PBXFileReference; lastKnownFileType = image.gif; path = "stavvy-gold.gif"; sourceTree = "<group>"; };
		A950485F20BAE29C0020ECD9 /* eldy-bird.gif */ = {isa = PBXFileReference; lastKnownFileType = image.gif; path = "eldy-bird.gif"; sourceTree = "<group>"; };
		A950486020BAE29C0020ECD9 /* stavvy-raven.gif */ = {isa = PBXFileReference; lastKnownFileType = image.gif; path = "stavvy-raven.gif"; sourceTree = "<group>"; };
		A992D8B520A03B90003A9998 /* GameOverlay.swift */ = {isa = PBXFileReference; lastKnownFileType = sourcecode.swift; path = GameOverlay.swift; sourceTree = "<group>"; };
		A9ACB9192099A1F200966991 /* StavvyBird.app */ = {isa = PBXFileReference; explicitFileType = wrapper.application; includeInIndex = 0; path = StavvyBird.app; sourceTree = BUILT_PRODUCTS_DIR; };
		A9ACB91C2099A1F200966991 /* AppDelegate.swift */ = {isa = PBXFileReference; lastKnownFileType = sourcecode.swift; path = AppDelegate.swift; sourceTree = "<group>"; };
		A9ACB9222099A1F200966991 /* PlayScene.swift */ = {isa = PBXFileReference; lastKnownFileType = sourcecode.swift; path = PlayScene.swift; sourceTree = "<group>"; };
		A9ACB9242099A1F200966991 /* GameViewController.swift */ = {isa = PBXFileReference; lastKnownFileType = sourcecode.swift; path = GameViewController.swift; sourceTree = "<group>"; };
		A9ACB9272099A1F200966991 /* Base */ = {isa = PBXFileReference; lastKnownFileType = file.storyboard; name = Base; path = Base.lproj/Main.storyboard; sourceTree = "<group>"; };
		A9ACB92C2099A1F300966991 /* Base */ = {isa = PBXFileReference; lastKnownFileType = file.storyboard; name = Base; path = Base.lproj/LaunchScreen.storyboard; sourceTree = "<group>"; };
		A9ACB92E2099A1F300966991 /* Info.plist */ = {isa = PBXFileReference; lastKnownFileType = text.plist.xml; path = Info.plist; sourceTree = "<group>"; };
		A9ACB96A2099B42300966991 /* Actions.sks */ = {isa = PBXFileReference; lastKnownFileType = file.sks; path = Actions.sks; sourceTree = "<group>"; };
		A9ACB99E209A0F4D00966991 /* MyGameAdapter.swift */ = {isa = PBXFileReference; lastKnownFileType = sourcecode.swift; path = MyGameAdapter.swift; sourceTree = "<group>"; };
		A9B9C728209EE31C0045548D /* TitleScene.swift */ = {isa = PBXFileReference; lastKnownFileType = sourcecode.swift; path = TitleScene.swift; sourceTree = "<group>"; };
		A9CC5C3620A0216500040E61 /* ControlInputDirection.swift */ = {isa = PBXFileReference; lastKnownFileType = sourcecode.swift; path = ControlInputDirection.swift; sourceTree = "<group>"; };
		A9D0897820B97CA800BE2896 /* ItemShopScene.swift */ = {isa = PBXFileReference; lastKnownFileType = sourcecode.swift; path = ItemShopScene.swift; sourceTree = "<group>"; };
		A9D4CFDC209B3A4F006461AF /* ColumnNode.swift */ = {isa = PBXFileReference; lastKnownFileType = sourcecode.swift; path = ColumnNode.swift; sourceTree = "<group>"; };
		A9D4CFDF209B4040006461AF /* ColumnFactory.swift */ = {isa = PBXFileReference; lastKnownFileType = sourcecode.swift; path = ColumnFactory.swift; sourceTree = "<group>"; };
		A9EC756320A6D3E9007C42EC /* AtmosphereScene.swift */ = {isa = PBXFileReference; lastKnownFileType = sourcecode.swift; path = AtmosphereScene.swift; sourceTree = "<group>"; };
		A9EC756720A6E479007C42EC /* CrossSceneUtility.swift */ = {isa = PBXFileReference; lastKnownFileType = sourcecode.swift; path = CrossSceneUtility.swift; sourceTree = "<group>"; };
		CA1A580F2AEC1FFF00C984C1 /* points-noise1.wav */ = {isa = PBXFileReference; lastKnownFileType = audio.wav; path = "points-noise1.wav"; sourceTree = "<group>"; };
		CA1A581D2AEC3F5D00C984C1 /* Media.xcassets */ = {isa = PBXFileReference; lastKnownFileType = folder.assetcatalog; path = Media.xcassets; sourceTree = "<group>"; };
		CA1A581F2AEC405F00C984C1 /* AtmosphereScene.sks */ = {isa = PBXFileReference; lastKnownFileType = file.sks; path = AtmosphereScene.sks; sourceTree = "<group>"; };
		CA1A58202AEC405F00C984C1 /* AtmosphereScene iPad.sks */ = {isa = PBXFileReference; lastKnownFileType = file.sks; path = "AtmosphereScene iPad.sks"; sourceTree = "<group>"; };
		CA1A58232AEC40B600C984C1 /* AppSettings.sks */ = {isa = PBXFileReference; lastKnownFileType = file.sks; path = AppSettings.sks; sourceTree = "<group>"; };
		CA1A58242AEC40B600C984C1 /* AppSettings iPad.sks */ = {isa = PBXFileReference; lastKnownFileType = file.sks; path = "AppSettings iPad.sks"; sourceTree = "<group>"; };
		CA29A1912ACF755B00470B9F /* GameKit.framework */ = {isa = PBXFileReference; lastKnownFileType = wrapper.framework; name = GameKit.framework; path = System/Library/Frameworks/GameKit.framework; sourceTree = SDKROOT; };
		CA42D8B82AEC4B7200CE42B3 /* GamePhysics.swift */ = {isa = PBXFileReference; fileEncoding = 4; lastKnownFileType = sourcecode.swift; path = GamePhysics.swift; sourceTree = "<group>"; };
		CA42D8BC2AEC4CC000CE42B3 /* UserDefaults.swift */ = {isa = PBXFileReference; fileEncoding = 4; lastKnownFileType = sourcecode.swift; path = UserDefaults.swift; sourceTree = "<group>"; };
		CA47A3BF2ACB5DE400E8ED52 /* StavvyBird.entitlements */ = {isa = PBXFileReference; lastKnownFileType = text.plist.entitlements; path = StavvyBird.entitlements; sourceTree = "<group>"; };
		CA47A3C02ACB5E3100E8ED52 /* StoreKit.framework */ = {isa = PBXFileReference; lastKnownFileType = wrapper.framework; name = StoreKit.framework; path = System/Library/Frameworks/StoreKit.framework; sourceTree = SDKROOT; };
		CA7047532AE9C33B0020A04A /* home-audio.wav */ = {isa = PBXFileReference; lastKnownFileType = audio.wav; path = "home-audio.wav"; sourceTree = "<group>"; };
		CA94BB7D2AD8D7AE005AAF83 /* Stavvy Birds.storekit */ = {isa = PBXFileReference; lastKnownFileType = text; path = "Stavvy Birds.storekit"; sourceTree = "<group>"; };
		CAABA67D2AEB25CF00B9810E /* TitleScene iPad.sks */ = {isa = PBXFileReference; lastKnownFileType = file.sks; path = "TitleScene iPad.sks"; sourceTree = "<group>"; };
		CAABA67E2AEB25CF00B9810E /* TitleScene.sks */ = {isa = PBXFileReference; lastKnownFileType = file.sks; path = TitleScene.sks; sourceTree = "<group>"; };
		CAABA67F2AEB25CF00B9810E /* PlayScene iPad.sks */ = {isa = PBXFileReference; lastKnownFileType = file.sks; path = "PlayScene iPad.sks"; sourceTree = "<group>"; };
		CAABA6802AEB25CF00B9810E /* ScoreScene.sks */ = {isa = PBXFileReference; lastKnownFileType = file.sks; path = ScoreScene.sks; sourceTree = "<group>"; };
		CAABA6812AEB25CF00B9810E /* ItemShopScene.sks */ = {isa = PBXFileReference; lastKnownFileType = file.sks; path = ItemShopScene.sks; sourceTree = "<group>"; };
		CAABA6822AEB25CF00B9810E /* PlayScene.sks */ = {isa = PBXFileReference; lastKnownFileType = file.sks; path = PlayScene.sks; sourceTree = "<group>"; };
		CAABA6852AEB25CF00B9810E /* ItemShopScene iPad.sks */ = {isa = PBXFileReference; lastKnownFileType = file.sks; path = "ItemShopScene iPad.sks"; sourceTree = "<group>"; };
		CAABA6862AEB25CF00B9810E /* ScoreScene iPad.sks */ = {isa = PBXFileReference; lastKnownFileType = file.sks; path = "ScoreScene iPad.sks"; sourceTree = "<group>"; };
		CAABA6922AEB25EC00B9810E /* ResumeScene iPad.sks */ = {isa = PBXFileReference; lastKnownFileType = file.sks; path = "ResumeScene iPad.sks"; sourceTree = "<group>"; };
		CAABA6932AEB25EC00B9810E /* GameOverScene.sks */ = {isa = PBXFileReference; lastKnownFileType = file.sks; path = GameOverScene.sks; sourceTree = "<group>"; };
		CAABA6942AEB25EC00B9810E /* ResumeScene.sks */ = {isa = PBXFileReference; lastKnownFileType = file.sks; path = ResumeScene.sks; sourceTree = "<group>"; };
		CAABA6952AEB25EC00B9810E /* GameOverScene iPad.sks */ = {isa = PBXFileReference; lastKnownFileType = file.sks; path = "GameOverScene iPad.sks"; sourceTree = "<group>"; };
		CAC3F68B2AEB76E300CF1E6A /* BtnTrigger.swift */ = {isa = PBXFileReference; fileEncoding = 4; lastKnownFileType = sourcecode.swift; path = BtnTrigger.swift; sourceTree = "<group>"; };
		CAC3F68C2AEB76E300CF1E6A /* ButtonAction.swift */ = {isa = PBXFileReference; fileEncoding = 4; lastKnownFileType = sourcecode.swift; path = ButtonAction.swift; sourceTree = "<group>"; };
		CAC3F68D2AEB76E300CF1E6A /* AppBtn.swift */ = {isa = PBXFileReference; fileEncoding = 4; lastKnownFileType = sourcecode.swift; path = AppBtn.swift; sourceTree = "<group>"; };
		CAC3F6922AEB775D00CF1E6A /* BirdNode.swift */ = {isa = PBXFileReference; fileEncoding = 4; lastKnownFileType = sourcecode.swift; path = BirdNode.swift; sourceTree = "<group>"; };
		CAC3F6942AEB776600CF1E6A /* DefaultGifNodes.swift */ = {isa = PBXFileReference; fileEncoding = 4; lastKnownFileType = sourcecode.swift; path = DefaultGifNodes.swift; sourceTree = "<group>"; };
		CAC5FBA02AE9B52D006913FE /* game-over-noise.wav */ = {isa = PBXFileReference; lastKnownFileType = audio.wav; name = "game-over-noise.wav"; path = "StavvyBird/Assets/Music/game-over-noise.wav"; sourceTree = SOURCE_ROOT; };
		CAC5FBA42AE9B65B006913FE /* in-game-audio.wav */ = {isa = PBXFileReference; lastKnownFileType = audio.wav; path = "in-game-audio.wav"; sourceTree = "<group>"; };
		CADD367E2AEC50F5000F4341 /* StateGameOver.swift */ = {isa = PBXFileReference; fileEncoding = 4; lastKnownFileType = sourcecode.swift; path = StateGameOver.swift; sourceTree = "<group>"; };
		CADD367F2AEC50F5000F4341 /* GamePauseState.swift */ = {isa = PBXFileReference; fileEncoding = 4; lastKnownFileType = sourcecode.swift; path = GamePauseState.swift; sourceTree = "<group>"; };
		CADD36882AEC533A000F4341 /* MySpriteNodeGif.swift */ = {isa = PBXFileReference; fileEncoding = 4; lastKnownFileType = sourcecode.swift; path = MySpriteNodeGif.swift; sourceTree = "<group>"; };
		CADD368A2AEC547A000F4341 /* gradientText.swift */ = {isa = PBXFileReference; fileEncoding = 4; lastKnownFileType = sourcecode.swift; path = gradientText.swift; sourceTree = "<group>"; };
		CADD368B2AEC547A000F4341 /* nodeEmitters.swift */ = {isa = PBXFileReference; fileEncoding = 4; lastKnownFileType = sourcecode.swift; path = nodeEmitters.swift; sourceTree = "<group>"; };
		CADD368C2AEC547A000F4341 /* currUploaders.swift */ = {isa = PBXFileReference; fileEncoding = 4; lastKnownFileType = sourcecode.swift; path = currUploaders.swift; sourceTree = "<group>"; };
		CADD368D2AEC547A000F4341 /* hellperAtText.swift */ = {isa = PBXFileReference; fileEncoding = 4; lastKnownFileType = sourcecode.swift; path = hellperAtText.swift; sourceTree = "<group>"; };
		CADD368E2AEC547A000F4341 /* transitionerShadings.swift */ = {isa = PBXFileReference; fileEncoding = 4; lastKnownFileType = sourcecode.swift; path = transitionerShadings.swift; sourceTree = "<group>"; };
		CADD368F2AEC547A000F4341 /* RateForPipeRanges.swift */ = {isa = PBXFileReference; fileEncoding = 4; lastKnownFileType = sourcecode.swift; path = RateForPipeRanges.swift; sourceTree = "<group>"; };
		CADD36962AEC54B2000F4341 /* FloatMath.swift */ = {isa = PBXFileReference; fileEncoding = 4; lastKnownFileType = sourcecode.swift; path = FloatMath.swift; sourceTree = "<group>"; };
		CADD36982AEC55B0000F4341 /* PlaySceneProtol.swift */ = {isa = PBXFileReference; fileEncoding = 4; lastKnownFileType = sourcecode.swift; path = PlaySceneProtol.swift; sourceTree = "<group>"; };
		CADD36992AEC55B0000F4341 /* UpdatableProc.swift */ = {isa = PBXFileReference; fileEncoding = 4; lastKnownFileType = sourcecode.swift; path = UpdatableProc.swift; sourceTree = "<group>"; };
		CADD369A2AEC55B0000F4341 /* PlayProc.swift */ = {isa = PBXFileReference; fileEncoding = 4; lastKnownFileType = sourcecode.swift; path = PlayProc.swift; sourceTree = "<group>"; };
		CADD369B2AEC55B0000F4341 /* PhysCollision.swift */ = {isa = PBXFileReference; fileEncoding = 4; lastKnownFileType = sourcecode.swift; path = PhysCollision.swift; sourceTree = "<group>"; };
		CADD369C2AEC55B0000F4341 /* CurrTouches.swift */ = {isa = PBXFileReference; fileEncoding = 4; lastKnownFileType = sourcecode.swift; path = CurrTouches.swift; sourceTree = "<group>"; };
		F3422C1C0B44F15782FAC636 /* Pods_StavvyBird.framework */ = {isa = PBXFileReference; explicitFileType = wrapper.framework; includeInIndex = 0; path = Pods_StavvyBird.framework; sourceTree = BUILT_PRODUCTS_DIR; };
/* End PBXFileReference section */

/* Begin PBXFrameworksBuildPhase section */
		A9ACB9162099A1F200966991 /* Frameworks */ = {
			isa = PBXFrameworksBuildPhase;
			buildActionMask = 2147483647;
			files = (
				CA29A1922ACF755B00470B9F /* GameKit.framework in Frameworks */,
				CA47A3C12ACB5E3100E8ED52 /* StoreKit.framework in Frameworks */,
				7CEB207AEAACAA10CF754727 /* Pods_StavvyBird.framework in Frameworks */,
			);
			runOnlyForDeploymentPostprocessing = 0;
		};
/* End PBXFrameworksBuildPhase section */

/* Begin PBXGroup section */
		22A388442C95E63AA19544AF /* Frameworks */ = {
			isa = PBXGroup;
			children = (
				CA29A1912ACF755B00470B9F /* GameKit.framework */,
				CA47A3C02ACB5E3100E8ED52 /* StoreKit.framework */,
				F3422C1C0B44F15782FAC636 /* Pods_StavvyBird.framework */,
			);
			name = Frameworks;
			sourceTree = "<group>";
		};
		5F52EF4792F1B6FA9ECBB339 /* Pods */ = {
			isa = PBXGroup;
			children = (
				35F5FAE58799ED3B528A4F92 /* Pods-StavvyBird.debug.xcconfig */,
				27436BB7F7906BF807684381 /* Pods-StavvyBird.release.xcconfig */,
			);
			path = Pods;
			sourceTree = "<group>";
		};
		A9ACB9102099A1F200966991 = {
			isa = PBXGroup;
			children = (
				A9ACB91B2099A1F200966991 /* StavvyBird */,
				A9ACB91A2099A1F200966991 /* Products */,
				5F52EF4792F1B6FA9ECBB339 /* Pods */,
				22A388442C95E63AA19544AF /* Frameworks */,
			);
			sourceTree = "<group>";
		};
		A9ACB91A2099A1F200966991 /* Products */ = {
			isa = PBXGroup;
			children = (
				A9ACB9192099A1F200966991 /* StavvyBird.app */,
			);
			name = Products;
			sourceTree = "<group>";
		};
		A9ACB91B2099A1F200966991 /* StavvyBird */ = {
			isa = PBXGroup;
			children = (
				CA1A58132AEC21D600C984C1 /* Game States */,
				CA1A58122AEC216100C984C1 /* Game Defaults */,
				CA1A58112AEC214000C984C1 /* ShadersAndTextures */,
				CAC3F6A32AEB7DEE00CF1E6A /* Procedures */,
				CAC3F6A22AEB7DDE00CF1E6A /* Game Nodes */,
				CAC3F6A12AEB7DBF00CF1E6A /* Input Direction */,
				CAC3F69D2AEB7ADD00CF1E6A /* Column Factory */,
				CAC3F69C2AEB7A2200CF1E6A /* Game Adapters */,
				CAC3F69B2AEB79D200CF1E6A /* Base Story */,
				CAC3F69A2AEB79A100CF1E6A /* Game Controller */,
				CAC3F6982AEB786600CF1E6A /* functional scenes */,
				CA94BB7D2AD8D7AE005AAF83 /* Stavvy Birds.storekit */,
				CA47A3BF2ACB5DE400E8ED52 /* StavvyBird.entitlements */,
				A9ACB91C2099A1F200966991 /* AppDelegate.swift */,
				A9ACB92E2099A1F300966991 /* Info.plist */,
				A9ACB98F2099F12000966991 /* Assets */,
			);
			path = StavvyBird;
			sourceTree = "<group>";
		};
		A9ACB98F2099F12000966991 /* Assets */ = {
			isa = PBXGroup;
			children = (
				CA1A581A2AEC3EAD00C984C1 /* Game Scenes */,
				CA1A58172AEC3E0B00C984C1 /* Music */,
				CA1A58162AEC3DE100C984C1 /* Snowing */,
				CA1A58142AEC23D200C984C1 /* All Players */,
				CA1A581D2AEC3F5D00C984C1 /* Media.xcassets */,
			);
			path = Assets;
			sourceTree = "<group>";
		};
		CA1A58112AEC214000C984C1 /* ShadersAndTextures */ = {
			isa = PBXGroup;
			children = (
				CADD36962AEC54B2000F4341 /* FloatMath.swift */,
				CADD368C2AEC547A000F4341 /* currUploaders.swift */,
				CADD368A2AEC547A000F4341 /* gradientText.swift */,
				CADD368D2AEC547A000F4341 /* hellperAtText.swift */,
				CADD368B2AEC547A000F4341 /* nodeEmitters.swift */,
				CADD368F2AEC547A000F4341 /* RateForPipeRanges.swift */,
				CADD368E2AEC547A000F4341 /* transitionerShadings.swift */,
				CADD36882AEC533A000F4341 /* MySpriteNodeGif.swift */,
			);
			path = ShadersAndTextures;
			sourceTree = "<group>";
		};
		CA1A58122AEC216100C984C1 /* Game Defaults */ = {
			isa = PBXGroup;
			children = (
				CA42D8BC2AEC4CC000CE42B3 /* UserDefaults.swift */,
				CA42D8B82AEC4B7200CE42B3 /* GamePhysics.swift */,
			);
			path = "Game Defaults";
			sourceTree = "<group>";
		};
		CA1A58132AEC21D600C984C1 /* Game States */ = {
			isa = PBXGroup;
			children = (
				CADD367F2AEC50F5000F4341 /* GamePauseState.swift */,
				CADD367E2AEC50F5000F4341 /* StateGameOver.swift */,
				A92E72E1209D815B0015F647 /* InGameState.swift */,
			);
			path = "Game States";
			sourceTree = "<group>";
		};
		CA1A58142AEC23D200C984C1 /* All Players */ = {
			isa = PBXGroup;
			children = (
				A950485C20BAE29C0020ECD9 /* stavvy-rat.gif */,
				A950485F20BAE29C0020ECD9 /* eldy-bird.gif */,
				A950486020BAE29C0020ECD9 /* stavvy-raven.gif */,
				A950485E20BAE29C0020ECD9 /* stavvy-gold.gif */,
				A950485920BAE2170020ECD9 /* stavvy-pig.gif */,
			);
			path = "All Players";
			sourceTree = "<group>";
		};
		CA1A58162AEC3DE100C984C1 /* Snowing */ = {
			isa = PBXGroup;
			children = (
				A903943520AD9D1200376CC3 /* SnowParticleEffect.sks */,
				A903943920AD9E7900376CC3 /* Particles.xcassets */,
			);
			path = Snowing;
			sourceTree = "<group>";
		};
		CA1A58172AEC3E0B00C984C1 /* Music */ = {
			isa = PBXGroup;
			children = (
				CA7047532AE9C33B0020A04A /* home-audio.wav */,
				CAC5FBA42AE9B65B006913FE /* in-game-audio.wav */,
				CA1A580F2AEC1FFF00C984C1 /* points-noise1.wav */,
				CAC5FBA02AE9B52D006913FE /* game-over-noise.wav */,
			);
			path = Music;
			sourceTree = "<group>";
		};
		CA1A581A2AEC3EAD00C984C1 /* Game Scenes */ = {
			isa = PBXGroup;
			children = (
				CA42D8B62AEC458200CE42B3 /* Actions */,
				CA1A581C2AEC3ECC00C984C1 /* Overlay Scenes */,
				CA1A581B2AEC3EC000C984C1 /* In Game Scenes */,
			);
			path = "Game Scenes";
			sourceTree = "<group>";
		};
		CA1A581B2AEC3EC000C984C1 /* In Game Scenes */ = {
			isa = PBXGroup;
			children = (
				CA1A58242AEC40B600C984C1 /* AppSettings iPad.sks */,
				CA1A58232AEC40B600C984C1 /* AppSettings.sks */,
				CA1A58202AEC405F00C984C1 /* AtmosphereScene iPad.sks */,
				CA1A581F2AEC405F00C984C1 /* AtmosphereScene.sks */,
				CAABA6852AEB25CF00B9810E /* ItemShopScene iPad.sks */,
				CAABA6812AEB25CF00B9810E /* ItemShopScene.sks */,
				CAABA67F2AEB25CF00B9810E /* PlayScene iPad.sks */,
				CAABA6822AEB25CF00B9810E /* PlayScene.sks */,
				CAABA6862AEB25CF00B9810E /* ScoreScene iPad.sks */,
				CAABA6802AEB25CF00B9810E /* ScoreScene.sks */,
				CAABA67D2AEB25CF00B9810E /* TitleScene iPad.sks */,
				CAABA67E2AEB25CF00B9810E /* TitleScene.sks */,
			);
			path = "In Game Scenes";
			sourceTree = "<group>";
		};
		CA1A581C2AEC3ECC00C984C1 /* Overlay Scenes */ = {
			isa = PBXGroup;
			children = (
				CAABA6952AEB25EC00B9810E /* GameOverScene iPad.sks */,
				CAABA6932AEB25EC00B9810E /* GameOverScene.sks */,
				CAABA6922AEB25EC00B9810E /* ResumeScene iPad.sks */,
				CAABA6942AEB25EC00B9810E /* ResumeScene.sks */,
			);
			path = "Overlay Scenes";
			sourceTree = "<group>";
		};
		CA42D8B62AEC458200CE42B3 /* Actions */ = {
			isa = PBXGroup;
			children = (
				A9ACB96A2099B42300966991 /* Actions.sks */,
			);
			path = Actions;
			sourceTree = "<group>";
		};
		CAC3F68A2AEB766B00CF1E6A /* ButtonToggles */ = {
			isa = PBXGroup;
			children = (
				CAC3F68D2AEB76E300CF1E6A /* AppBtn.swift */,
				CAC3F68B2AEB76E300CF1E6A /* BtnTrigger.swift */,
				CAC3F68C2AEB76E300CF1E6A /* ButtonAction.swift */,
			);
			path = ButtonToggles;
			sourceTree = "<group>";
		};
		CAC3F6912AEB772E00CF1E6A /* players */ = {
			isa = PBXGroup;
			children = (
				CAC3F6942AEB776600CF1E6A /* DefaultGifNodes.swift */,
				CAC3F6922AEB775D00CF1E6A /* BirdNode.swift */,
			);
			path = players;
			sourceTree = "<group>";
		};
		CAC3F6962AEB77C300CF1E6A /* GameExtras */ = {
			isa = PBXGroup;
			children = (
				A94A97F621A287890087C018 /* ContinuousBackground.swift */,
				A9D4CFDC209B3A4F006461AF /* ColumnNode.swift */,
			);
			path = GameExtras;
			sourceTree = "<group>";
		};
		CAC3F6982AEB786600CF1E6A /* functional scenes */ = {
			isa = PBXGroup;
			children = (
				A9B9C728209EE31C0045548D /* TitleScene.swift */,
				A9ACB9222099A1F200966991 /* PlayScene.swift */,
				A9EC756320A6D3E9007C42EC /* AtmosphereScene.swift */,
				A9D0897820B97CA800BE2896 /* ItemShopScene.swift */,
				A992D8B520A03B90003A9998 /* GameOverlay.swift */,
				A9EC756720A6E479007C42EC /* CrossSceneUtility.swift */,
			);
			path = "functional scenes";
			sourceTree = "<group>";
		};
		CAC3F69A2AEB79A100CF1E6A /* Game Controller */ = {
			isa = PBXGroup;
			children = (
				A9ACB9242099A1F200966991 /* GameViewController.swift */,
			);
			path = "Game Controller";
			sourceTree = "<group>";
		};
		CAC3F69B2AEB79D200CF1E6A /* Base Story */ = {
			isa = PBXGroup;
			children = (
				A9ACB9262099A1F200966991 /* Main.storyboard */,
				A9ACB92B2099A1F300966991 /* LaunchScreen.storyboard */,
			);
			path = "Base Story";
			sourceTree = "<group>";
		};
		CAC3F69C2AEB7A2200CF1E6A /* Game Adapters */ = {
			isa = PBXGroup;
			children = (
				A9ACB99E209A0F4D00966991 /* MyGameAdapter.swift */,
			);
			path = "Game Adapters";
			sourceTree = "<group>";
		};
		CAC3F69D2AEB7ADD00CF1E6A /* Column Factory */ = {
			isa = PBXGroup;
			children = (
				A9D4CFDF209B4040006461AF /* ColumnFactory.swift */,
			);
			path = "Column Factory";
			sourceTree = "<group>";
		};
		CAC3F6A12AEB7DBF00CF1E6A /* Input Direction */ = {
			isa = PBXGroup;
			children = (
				A9CC5C3620A0216500040E61 /* ControlInputDirection.swift */,
			);
			path = "Input Direction";
			sourceTree = "<group>";
		};
		CAC3F6A22AEB7DDE00CF1E6A /* Game Nodes */ = {
			isa = PBXGroup;
			children = (
				CAC3F6962AEB77C300CF1E6A /* GameExtras */,
				CAC3F6912AEB772E00CF1E6A /* players */,
				CAC3F68A2AEB766B00CF1E6A /* ButtonToggles */,
			);
			path = "Game Nodes";
			sourceTree = "<group>";
		};
		CAC3F6A32AEB7DEE00CF1E6A /* Procedures */ = {
			isa = PBXGroup;
			children = (
				CADD369C2AEC55B0000F4341 /* CurrTouches.swift */,
				CADD369B2AEC55B0000F4341 /* PhysCollision.swift */,
				CADD369A2AEC55B0000F4341 /* PlayProc.swift */,
				CADD36982AEC55B0000F4341 /* PlaySceneProtol.swift */,
				CADD36992AEC55B0000F4341 /* UpdatableProc.swift */,
			);
			path = Procedures;
			sourceTree = "<group>";
		};
/* End PBXGroup section */

/* Begin PBXNativeTarget section */
		A9ACB9182099A1F200966991 /* StavvyBird */ = {
			isa = PBXNativeTarget;
			buildConfigurationList = A9ACB93C2099A1F300966991 /* Build configuration list for PBXNativeTarget "StavvyBird" */;
			buildPhases = (
				EF8A206E40D72ED6A4E5C7A5 /* [CP] Check Pods Manifest.lock */,
				A9ACB9152099A1F200966991 /* Sources */,
				A9ACB9162099A1F200966991 /* Frameworks */,
				A9ACB9172099A1F200966991 /* Resources */,
				E4366FDAAF1CE7F97AC11DD7 /* [CP] Embed Pods Frameworks */,
			);
			buildRules = (
			);
			dependencies = (
			);
			name = StavvyBird;
			productName = "ios-spritekit-StavvyBird";
			productReference = A9ACB9192099A1F200966991 /* StavvyBird.app */;
			productType = "com.apple.product-type.application";
		};
/* End PBXNativeTarget section */

/* Begin PBXProject section */
		A9ACB9112099A1F200966991 /* Project object */ = {
			isa = PBXProject;
			attributes = {
				KnownAssetTags = (
					mFont,
				);
				LastSwiftUpdateCheck = 0930;
				LastUpgradeCheck = 1200;
				ORGANIZATIONNAME = "Sounio Technologies LLC";
				TargetAttributes = {
					A9ACB9182099A1F200966991 = {
						CreatedOnToolsVersion = 9.3;
						LastSwiftMigration = 1020;
					};
				};
			};
			buildConfigurationList = A9ACB9142099A1F200966991 /* Build configuration list for PBXProject "StavvyBird" */;
			compatibilityVersion = "Xcode 12.0";
			developmentRegion = en;
			hasScannedForEncodings = 0;
			knownRegions = (
				en,
				Base,
			);
			mainGroup = A9ACB9102099A1F200966991;
			productRefGroup = A9ACB91A2099A1F200966991 /* Products */;
			projectDirPath = "";
			projectRoot = "";
			targets = (
				A9ACB9182099A1F200966991 /* StavvyBird */,
			);
		};
/* End PBXProject section */

/* Begin PBXResourcesBuildPhase section */
		A9ACB9172099A1F200966991 /* Resources */ = {
			isa = PBXResourcesBuildPhase;
			buildActionMask = 2147483647;
			files = (
				CAABA68C2AEB25CF00B9810E /* PlayScene.sks in Resources */,
				A9ACB96B2099B42300966991 /* Actions.sks in Resources */,
				A903943620AD9D1200376CC3 /* SnowParticleEffect.sks in Resources */,
				CA1A58262AEC40B600C984C1 /* AppSettings iPad.sks in Resources */,
				A9ACB9282099A1F200966991 /* Main.storyboard in Resources */,
				A950486520BAE29C0020ECD9 /* stavvy-raven.gif in Resources */,
				A950486420BAE29C0020ECD9 /* eldy-bird.gif in Resources */,
				CA1A58222AEC405F00C984C1 /* AtmosphereScene iPad.sks in Resources */,
				CAABA6982AEB25EC00B9810E /* ResumeScene.sks in Resources */,
				CA1A58212AEC405F00C984C1 /* AtmosphereScene.sks in Resources */,
				CAABA6892AEB25CF00B9810E /* PlayScene iPad.sks in Resources */,
				CA1A58252AEC40B600C984C1 /* AppSettings.sks in Resources */,
				CAABA6872AEB25CF00B9810E /* TitleScene iPad.sks in Resources */,
				CAC5FBA52AE9B65B006913FE /* in-game-audio.wav in Resources */,
				CAABA6902AEB25CF00B9810E /* ScoreScene iPad.sks in Resources */,
				CAABA6962AEB25EC00B9810E /* ResumeScene iPad.sks in Resources */,
				CA7047542AE9C33B0020A04A /* home-audio.wav in Resources */,
				CA1A581E2AEC3F5D00C984C1 /* Media.xcassets in Resources */,
				CAABA6882AEB25CF00B9810E /* TitleScene.sks in Resources */,
				A9ACB92D2099A1F300966991 /* LaunchScreen.storyboard in Resources */,
				A950486120BAE29C0020ECD9 /* stavvy-rat.gif in Resources */,
				CAABA6992AEB25EC00B9810E /* GameOverScene iPad.sks in Resources */,
				CAABA68F2AEB25CF00B9810E /* ItemShopScene iPad.sks in Resources */,
				CAC5FBA12AE9B52D006913FE /* game-over-noise.wav in Resources */,
				A950486320BAE29C0020ECD9 /* stavvy-gold.gif in Resources */,
				CA1A58102AEC1FFF00C984C1 /* points-noise1.wav in Resources */,
				A950485A20BAE2170020ECD9 /* stavvy-pig.gif in Resources */,
				A903943B20AD9E7900376CC3 /* Particles.xcassets in Resources */,
				CAABA68B2AEB25CF00B9810E /* ItemShopScene.sks in Resources */,
				CAABA6972AEB25EC00B9810E /* GameOverScene.sks in Resources */,
				CAABA68A2AEB25CF00B9810E /* ScoreScene.sks in Resources */,
			);
			runOnlyForDeploymentPostprocessing = 0;
		};
/* End PBXResourcesBuildPhase section */

/* Begin PBXShellScriptBuildPhase section */
		E4366FDAAF1CE7F97AC11DD7 /* [CP] Embed Pods Frameworks */ = {
			isa = PBXShellScriptBuildPhase;
			buildActionMask = 2147483647;
			files = (
			);
			inputFileListPaths = (
				"${PODS_ROOT}/Target Support Files/Pods-StavvyBird/Pods-StavvyBird-frameworks-${CONFIGURATION}-input-files.xcfilelist",
			);
			name = "[CP] Embed Pods Frameworks";
			outputFileListPaths = (
				"${PODS_ROOT}/Target Support Files/Pods-StavvyBird/Pods-StavvyBird-frameworks-${CONFIGURATION}-output-files.xcfilelist",
			);
			runOnlyForDeploymentPostprocessing = 0;
			shellPath = /bin/sh;
			shellScript = "\"${PODS_ROOT}/Target Support Files/Pods-StavvyBird/Pods-StavvyBird-frameworks.sh\"\n";
			showEnvVarsInLog = 0;
		};
		EF8A206E40D72ED6A4E5C7A5 /* [CP] Check Pods Manifest.lock */ = {
			isa = PBXShellScriptBuildPhase;
			buildActionMask = 2147483647;
			files = (
			);
			inputFileListPaths = (
			);
			inputPaths = (
				"${PODS_PODFILE_DIR_PATH}/Podfile.lock",
				"${PODS_ROOT}/Manifest.lock",
			);
			name = "[CP] Check Pods Manifest.lock";
			outputFileListPaths = (
			);
			outputPaths = (
				"$(DERIVED_FILE_DIR)/Pods-StavvyBird-checkManifestLockResult.txt",
			);
			runOnlyForDeploymentPostprocessing = 0;
			shellPath = /bin/sh;
			shellScript = "diff \"${PODS_PODFILE_DIR_PATH}/Podfile.lock\" \"${PODS_ROOT}/Manifest.lock\" > /dev/null\nif [ $? != 0 ] ; then\n    # print error to STDERR\n    echo \"error: The sandbox is not in sync with the Podfile.lock. Run 'pod install' or update your CocoaPods installation.\" >&2\n    exit 1\nfi\n# This output is used by Xcode 'outputs' to avoid re-running this script phase.\necho \"SUCCESS\" > \"${SCRIPT_OUTPUT_FILE_0}\"\n";
			showEnvVarsInLog = 0;
		};
/* End PBXShellScriptBuildPhase section */

/* Begin PBXSourcesBuildPhase section */
		A9ACB9152099A1F200966991 /* Sources */ = {
			isa = PBXSourcesBuildPhase;
			buildActionMask = 2147483647;
			files = (
				A9EC756820A6E479007C42EC /* CrossSceneUtility.swift in Sources */,
				A992D8B620A03B90003A9998 /* GameOverlay.swift in Sources */,
				A9ACB9232099A1F200966991 /* PlayScene.swift in Sources */,
				CADD36912AEC547A000F4341 /* nodeEmitters.swift in Sources */,
				CADD36802AEC50F5000F4341 /* StateGameOver.swift in Sources */,
				A9D4CFDD209B3A50006461AF /* ColumnNode.swift in Sources */,
				CA42D8B92AEC4B7200CE42B3 /* GamePhysics.swift in Sources */,
				A9CC5C3720A0216500040E61 /* ControlInputDirection.swift in Sources */,
				CADD36892AEC533A000F4341 /* MySpriteNodeGif.swift in Sources */,
				A9ACB9252099A1F200966991 /* GameViewController.swift in Sources */,
				CADD36A02AEC55B0000F4341 /* PhysCollision.swift in Sources */,
				CADD369E2AEC55B0000F4341 /* UpdatableProc.swift in Sources */,
				A94A97F721A287890087C018 /* ContinuousBackground.swift in Sources */,
				A9ACB99F209A0F4D00966991 /* MyGameAdapter.swift in Sources */,
				CADD36942AEC547A000F4341 /* transitionerShadings.swift in Sources */,
				CADD369D2AEC55B0000F4341 /* PlaySceneProtol.swift in Sources */,
				CAC3F68E2AEB76E300CF1E6A /* BtnTrigger.swift in Sources */,
				CA42D8BD2AEC4CC000CE42B3 /* UserDefaults.swift in Sources */,
				CADD36902AEC547A000F4341 /* gradientText.swift in Sources */,
				CADD36952AEC547A000F4341 /* RateForPipeRanges.swift in Sources */,
				CAC3F68F2AEB76E300CF1E6A /* ButtonAction.swift in Sources */,
				CADD369F2AEC55B0000F4341 /* PlayProc.swift in Sources */,
				CADD36812AEC50F5000F4341 /* GamePauseState.swift in Sources */,
				A9ACB91D2099A1F200966991 /* AppDelegate.swift in Sources */,
				CAC3F6902AEB76E300CF1E6A /* AppBtn.swift in Sources */,
				CAC3F6932AEB775D00CF1E6A /* BirdNode.swift in Sources */,
				CADD36922AEC547A000F4341 /* currUploaders.swift in Sources */,
				A92E72E2209D815B0015F647 /* InGameState.swift in Sources */,
				A9EC756420A6D3E9007C42EC /* AtmosphereScene.swift in Sources */,
				A9D4CFE0209B4040006461AF /* ColumnFactory.swift in Sources */,
				CADD36932AEC547A000F4341 /* hellperAtText.swift in Sources */,
				CADD36972AEC54B2000F4341 /* FloatMath.swift in Sources */,
				A9B9C729209EE31C0045548D /* TitleScene.swift in Sources */,
				CADD36A12AEC55B0000F4341 /* CurrTouches.swift in Sources */,
				A9D0897920B97CA800BE2896 /* ItemShopScene.swift in Sources */,
				CAC3F6952AEB776600CF1E6A /* DefaultGifNodes.swift in Sources */,
			);
			runOnlyForDeploymentPostprocessing = 0;
		};
/* End PBXSourcesBuildPhase section */

/* Begin PBXVariantGroup section */
		A9ACB9262099A1F200966991 /* Main.storyboard */ = {
			isa = PBXVariantGroup;
			children = (
				A9ACB9272099A1F200966991 /* Base */,
			);
			name = Main.storyboard;
			sourceTree = "<group>";
		};
		A9ACB92B2099A1F300966991 /* LaunchScreen.storyboard */ = {
			isa = PBXVariantGroup;
			children = (
				A9ACB92C2099A1F300966991 /* Base */,
			);
			name = LaunchScreen.storyboard;
			sourceTree = "<group>";
		};
/* End PBXVariantGroup section */

/* Begin XCBuildConfiguration section */
		A9ACB93A2099A1F300966991 /* Debug */ = {
			isa = XCBuildConfiguration;
			buildSettings = {
				ALWAYS_SEARCH_USER_PATHS = NO;
				CLANG_ANALYZER_NONNULL = YES;
				CLANG_ANALYZER_NUMBER_OBJECT_CONVERSION = YES_AGGRESSIVE;
				CLANG_CXX_LANGUAGE_STANDARD = "gnu++14";
				CLANG_CXX_LIBRARY = "libc++";
				CLANG_ENABLE_MODULES = YES;
				CLANG_ENABLE_OBJC_ARC = YES;
				CLANG_ENABLE_OBJC_WEAK = YES;
				CLANG_WARN_BLOCK_CAPTURE_AUTORELEASING = YES;
				CLANG_WARN_BOOL_CONVERSION = YES;
				CLANG_WARN_COMMA = YES;
				CLANG_WARN_CONSTANT_CONVERSION = YES;
				CLANG_WARN_DEPRECATED_OBJC_IMPLEMENTATIONS = YES;
				CLANG_WARN_DIRECT_OBJC_ISA_USAGE = YES_ERROR;
				CLANG_WARN_DOCUMENTATION_COMMENTS = YES;
				CLANG_WARN_EMPTY_BODY = YES;
				CLANG_WARN_ENUM_CONVERSION = YES;
				CLANG_WARN_INFINITE_RECURSION = YES;
				CLANG_WARN_INT_CONVERSION = YES;
				CLANG_WARN_NON_LITERAL_NULL_CONVERSION = YES;
				CLANG_WARN_OBJC_IMPLICIT_RETAIN_SELF = YES;
				CLANG_WARN_OBJC_LITERAL_CONVERSION = YES;
				CLANG_WARN_OBJC_ROOT_CLASS = YES_ERROR;
				CLANG_WARN_QUOTED_INCLUDE_IN_FRAMEWORK_HEADER = YES;
				CLANG_WARN_RANGE_LOOP_ANALYSIS = YES;
				CLANG_WARN_STRICT_PROTOTYPES = YES;
				CLANG_WARN_SUSPICIOUS_MOVE = YES;
				CLANG_WARN_UNGUARDED_AVAILABILITY = YES_AGGRESSIVE;
				CLANG_WARN_UNREACHABLE_CODE = YES;
				CLANG_WARN__DUPLICATE_METHOD_MATCH = YES;
				CODE_SIGN_IDENTITY = "iPhone Developer";
				COPY_PHASE_STRIP = NO;
				DEBUG_INFORMATION_FORMAT = dwarf;
				ENABLE_STRICT_OBJC_MSGSEND = YES;
				ENABLE_TESTABILITY = YES;
				GCC_C_LANGUAGE_STANDARD = gnu11;
				GCC_DYNAMIC_NO_PIC = NO;
				GCC_NO_COMMON_BLOCKS = YES;
				GCC_OPTIMIZATION_LEVEL = 0;
				GCC_PREPROCESSOR_DEFINITIONS = (
					"DEBUG=1",
					"$(inherited)",
				);
				GCC_WARN_64_TO_32_BIT_CONVERSION = YES;
				GCC_WARN_ABOUT_RETURN_TYPE = YES_ERROR;
				GCC_WARN_UNDECLARED_SELECTOR = YES;
				GCC_WARN_UNINITIALIZED_AUTOS = YES_AGGRESSIVE;
				GCC_WARN_UNUSED_FUNCTION = YES;
				GCC_WARN_UNUSED_VARIABLE = YES;
				IPHONEOS_DEPLOYMENT_TARGET = 15.0;
				MTL_ENABLE_DEBUG_INFO = YES;
				ONLY_ACTIVE_ARCH = YES;
				SDKROOT = iphoneos;
				SWIFT_ACTIVE_COMPILATION_CONDITIONS = DEBUG;
				SWIFT_OPTIMIZATION_LEVEL = "-Onone";
			};
			name = Debug;
		};
		A9ACB93B2099A1F300966991 /* Release */ = {
			isa = XCBuildConfiguration;
			buildSettings = {
				ALWAYS_SEARCH_USER_PATHS = NO;
				CLANG_ANALYZER_NONNULL = YES;
				CLANG_ANALYZER_NUMBER_OBJECT_CONVERSION = YES_AGGRESSIVE;
				CLANG_CXX_LANGUAGE_STANDARD = "gnu++14";
				CLANG_CXX_LIBRARY = "libc++";
				CLANG_ENABLE_MODULES = YES;
				CLANG_ENABLE_OBJC_ARC = YES;
				CLANG_ENABLE_OBJC_WEAK = YES;
				CLANG_WARN_BLOCK_CAPTURE_AUTORELEASING = YES;
				CLANG_WARN_BOOL_CONVERSION = YES;
				CLANG_WARN_COMMA = YES;
				CLANG_WARN_CONSTANT_CONVERSION = YES;
				CLANG_WARN_DEPRECATED_OBJC_IMPLEMENTATIONS = YES;
				CLANG_WARN_DIRECT_OBJC_ISA_USAGE = YES_ERROR;
				CLANG_WARN_DOCUMENTATION_COMMENTS = YES;
				CLANG_WARN_EMPTY_BODY = YES;
				CLANG_WARN_ENUM_CONVERSION = YES;
				CLANG_WARN_INFINITE_RECURSION = YES;
				CLANG_WARN_INT_CONVERSION = YES;
				CLANG_WARN_NON_LITERAL_NULL_CONVERSION = YES;
				CLANG_WARN_OBJC_IMPLICIT_RETAIN_SELF = YES;
				CLANG_WARN_OBJC_LITERAL_CONVERSION = YES;
				CLANG_WARN_OBJC_ROOT_CLASS = YES_ERROR;
				CLANG_WARN_QUOTED_INCLUDE_IN_FRAMEWORK_HEADER = YES;
				CLANG_WARN_RANGE_LOOP_ANALYSIS = YES;
				CLANG_WARN_STRICT_PROTOTYPES = YES;
				CLANG_WARN_SUSPICIOUS_MOVE = YES;
				CLANG_WARN_UNGUARDED_AVAILABILITY = YES_AGGRESSIVE;
				CLANG_WARN_UNREACHABLE_CODE = YES;
				CLANG_WARN__DUPLICATE_METHOD_MATCH = YES;
				CODE_SIGN_IDENTITY = "iPhone Developer";
				COPY_PHASE_STRIP = NO;
				DEBUG_INFORMATION_FORMAT = "dwarf-with-dsym";
				ENABLE_NS_ASSERTIONS = NO;
				ENABLE_STRICT_OBJC_MSGSEND = YES;
				GCC_C_LANGUAGE_STANDARD = gnu11;
				GCC_NO_COMMON_BLOCKS = YES;
				GCC_WARN_64_TO_32_BIT_CONVERSION = YES;
				GCC_WARN_ABOUT_RETURN_TYPE = YES_ERROR;
				GCC_WARN_UNDECLARED_SELECTOR = YES;
				GCC_WARN_UNINITIALIZED_AUTOS = YES_AGGRESSIVE;
				GCC_WARN_UNUSED_FUNCTION = YES;
				GCC_WARN_UNUSED_VARIABLE = YES;
				IPHONEOS_DEPLOYMENT_TARGET = 15.0;
				MTL_ENABLE_DEBUG_INFO = NO;
				SDKROOT = iphoneos;
				SWIFT_COMPILATION_MODE = wholemodule;
				SWIFT_OPTIMIZATION_LEVEL = "-O";
				VALIDATE_PRODUCT = YES;
			};
			name = Release;
		};
		A9ACB93D2099A1F300966991 /* Debug */ = {
			isa = XCBuildConfiguration;
			baseConfigurationReference = 35F5FAE58799ED3B528A4F92 /* Pods-StavvyBird.debug.xcconfig */;
			buildSettings = {
				ASSETCATALOG_COMPILER_APPICON_NAME = AppIcon;
				ASSETCATALOG_COMPILER_INCLUDE_ALL_APPICON_ASSETS = NO;
				CODE_SIGN_ENTITLEMENTS = StavvyBird/StavvyBird.entitlements;
				CODE_SIGN_IDENTITY = "Apple Development";
				CODE_SIGN_STYLE = Automatic;
				DEVELOPMENT_TEAM = Z47KAS58JH;
				GCC_OPTIMIZATION_LEVEL = 2;
				INFOPLIST_FILE = "$(SRCROOT)/StavvyBird/Info.plist";
				INFOPLIST_KEY_LSApplicationCategoryType = "public.app-category.arcade-games";
				IPHONEOS_DEPLOYMENT_TARGET = 15.0;
				LD_RUNPATH_SEARCH_PATHS = (
					"$(inherited)",
					"@executable_path/Frameworks",
				);
				MARKETING_VERSION = 2.3;
				PRODUCT_BUNDLE_IDENTIFIER = sounio.io.stavvbird;
				PRODUCT_NAME = "$(TARGET_NAME)";
				PROVISIONING_PROFILE_SPECIFIER = "";
				SWIFT_OPTIMIZATION_LEVEL = "-O";
				SWIFT_VERSION = 5.0;
				TARGETED_DEVICE_FAMILY = "1,2";
			};
			name = Debug;
		};
		A9ACB93E2099A1F300966991 /* Release */ = {
			isa = XCBuildConfiguration;
			baseConfigurationReference = 27436BB7F7906BF807684381 /* Pods-StavvyBird.release.xcconfig */;
			buildSettings = {
				ASSETCATALOG_COMPILER_APPICON_NAME = AppIcon;
				ASSETCATALOG_COMPILER_INCLUDE_ALL_APPICON_ASSETS = NO;
				CODE_SIGN_ENTITLEMENTS = StavvyBird/StavvyBird.entitlements;
				CODE_SIGN_IDENTITY = "Apple Development";
				CODE_SIGN_STYLE = Automatic;
				DEVELOPMENT_TEAM = Z47KAS58JH;
				INFOPLIST_FILE = "$(SRCROOT)/StavvyBird/Info.plist";
				INFOPLIST_KEY_LSApplicationCategoryType = "public.app-category.arcade-games";
				IPHONEOS_DEPLOYMENT_TARGET = 15.0;
				LD_RUNPATH_SEARCH_PATHS = (
					"$(inherited)",
					"@executable_path/Frameworks",
				);
				MARKETING_VERSION = 2.3;
				PRODUCT_BUNDLE_IDENTIFIER = sounio.io.stavvbird;
				PRODUCT_NAME = "$(TARGET_NAME)";
				PROVISIONING_PROFILE_SPECIFIER = "";
				SWIFT_VERSION = 5.0;
				TARGETED_DEVICE_FAMILY = "1,2";
			};
			name = Release;
		};
/* End XCBuildConfiguration section */

/* Begin XCConfigurationList section */
		A9ACB9142099A1F200966991 /* Build configuration list for PBXProject "StavvyBird" */ = {
			isa = XCConfigurationList;
			buildConfigurations = (
				A9ACB93A2099A1F300966991 /* Debug */,
				A9ACB93B2099A1F300966991 /* Release */,
			);
			defaultConfigurationIsVisible = 0;
			defaultConfigurationName = Release;
		};
		A9ACB93C2099A1F300966991 /* Build configuration list for PBXNativeTarget "StavvyBird" */ = {
			isa = XCConfigurationList;
			buildConfigurations = (
				A9ACB93D2099A1F300966991 /* Debug */,
				A9ACB93E2099A1F300966991 /* Release */,
			);
			defaultConfigurationIsVisible = 0;
			defaultConfigurationName = Release;
		};
/* End XCConfigurationList section */
	};
	rootObject = A9ACB9112099A1F200966991 /* Project object */;
}
